{
  "version": 4,
  "terraform_version": "0.12.29",
  "serial": 21,
  "lineage": "63628a83-3cc9-e9fe-d013-afae1d426b4a",
  "outputs": {
    "jenkins_ip": {
      "value": "54.187.104.173",
      "type": "string"
    },
    "jenkins_ssh_key": {
      "value": "-----BEGIN RSA PRIVATE KEY-----\nMIIEowIBAAKCAQEAp0hT3vUpkDizUbken4/wUlaVfl5XHp2Qg/+5YvlxC8YydTin\nQF2VH1lVkrl1PHkKsczrztfxrbVwSbiekqw/K9IpzW9KCMY8rRkI4VvfjLd3VGCG\ncRepaUEz5b7fj7v5jHTgZnQ/aczhje08//Hvdu8sOclokweqTjuIFsTB7gtlDXzJ\n0uwva/2KDJgDAvILn0iyG3Yn9YpfLdmN+xokEd+irCa0SDFlyWzW1+HJnlWL95NB\nkm7aALaUhubjJDgoSiChCIy2pFRTubNlUrjB4wYfDXP9cccZPl/gglZkNEH8PzuZ\nNJQYrdD32e09YhLLWGCUZ/3NpSEVZ7PgmyqkHwIDAQABAoIBAD/x6f2kgcrbodBv\nj0E3aIpRBrxTm8HcQU30Bw3KhGgXz1n32hdErqhZIdkAg8wmCOyGhO2ApqXcYZwM\nsrEmns9Fey1IiWhpPvB8TWS4FfBYgYkDjODWRrAxeIEuQY9UL8R9OPpxHXx4ERCL\ny3GbLgqsyp8cWpk5qORW5WKuu+MeYYtikIKcCKFyGXo3n5dmwLmwzt5bUgamhVKG\n0eGHnl4JGb4yft9Rd4R0dLzx/IyX7emS+WqCgDEpHKQZ7BNghQCTaO9+FnHQvDHo\nCa6W7KciwNB2ry5FReNPuy+oFhgzEntzFhduVZm9OmVwQ8knWjbTwZWl0xcm4qTT\n33sMhCECgYEA2c8Lt3ArThyA8LGl4SP0qIaGIrtFQL3JZn3BlOhxBhwx5/Nn1OrI\nn68f3bD3ZW2PgtaRWPkZHTQ7dST+ZqzunnoxjkrFapPD4eCI69S6e54H3QHZnFnP\nLrut1sN9SFRSYqWSNN0RYZ/fZs32ib9jzeVpM7oZgHYJ/xkgcRNuhlsCgYEAxJ1F\nQUHiZ8Yo5ekt9G2UIfp0undtMJvuyuWt5fCYr7P1BIIX4yXQ2nrOiOUesjHKYjiV\nUGf/6c45qdBJB/WAzCQh0xG+5eDUpP8tYYM4FFcQ5cHzknX56tTg5Wn1S3NHP9qY\nk5vEeOx6nnekXfJwf6eNYnaihq9gZgQd6r0JLI0CgYBUI8SN73n7Kc2xrZ6782ze\n8WC96AQft3Em86ulf4mx55Br3z6cJLqt3TP9KxDXENTgoUzyxv+ppXTWkxznwyRG\n+kNMiZvryPthtaCPIdWMTYcSHFXZLWR41C2ailhKabCNxRJO85t0UBM4HpZ/rfy7\nHEVgoyKY2oCQGD/NDsmigwKBgQC80G/GuJfNos555JG+T1FXxCc/Pxt79/O9pA55\naLGo4oAlgS2hdRp6Bj+71ZTB+fDqnH5ABnAMP4C+5IiN/SVgZj6ZbUxPhLeRcIFL\nSPGdDvPqQXVBLM0ByMflaPkpKR6+YpXuA0QOAMPM1QbjNcT1wpmTemygPWGs9r0o\nRbu+rQKBgBceoP1y6UtxqXAwS0f8Ci9bpf/qOKMlb0Ir0gW/2b5Ff0CQmePrOw2A\nrxhta7fKEW5ypfGeqV4HH8i9rITNZsy7MhWvj6+D0Ej0mt2TCHxENbtQQUD/H+Q4\nn892ckFdK+UsacL6kvCTvIsih+ntKByf8zPwmPhw7IaDq6+mjvXo\n-----END RSA PRIVATE KEY-----\n",
      "type": "string"
    },
    "jenkins_url": {
      "value": "http://54.187.104.173:8080",
      "type": "string"
    }
  },
  "resources": [
    {
      "mode": "data",
      "type": "aws_ami",
      "name": "ubuntu",
      "provider": "provider.aws",
      "instances": [
        {
          "schema_version": 0,
          "attributes": {
            "architecture": "x86_64",
            "arn": "arn:aws:ec2:us-west-2::image/ami-0ba8629bff503c084",
            "block_device_mappings": [
              {
                "device_name": "/dev/sda1",
                "ebs": {
                  "delete_on_termination": "true",
                  "encrypted": "false",
                  "iops": "0",
                  "snapshot_id": "snap-0a8fe11543619b688",
                  "volume_size": "8",
                  "volume_type": "gp2"
                },
                "no_device": "",
                "virtual_name": ""
              },
              {
                "device_name": "/dev/sdb",
                "ebs": {},
                "no_device": "",
                "virtual_name": "ephemeral0"
              },
              {
                "device_name": "/dev/sdc",
                "ebs": {},
                "no_device": "",
                "virtual_name": "ephemeral1"
              }
            ],
            "creation_date": "2020-08-18T17:27:03.000Z",
            "description": "Canonical, Ubuntu, 20.04 LTS, amd64 focal image build on 2020-08-17",
            "executable_users": null,
            "filter": [
              {
                "name": "name",
                "values": [
                  "ubuntu/images/hvm-ssd/ubuntu-focal-20.04-amd64-server-*"
                ]
              },
              {
                "name": "virtualization-type",
                "values": [
                  "hvm"
                ]
              }
            ],
            "hypervisor": "xen",
            "id": "ami-0ba8629bff503c084",
            "image_id": "ami-0ba8629bff503c084",
            "image_location": "099720109477/ubuntu/images/hvm-ssd/ubuntu-focal-20.04-amd64-server-20200817",
            "image_owner_alias": null,
            "image_type": "machine",
            "kernel_id": null,
            "most_recent": true,
            "name": "ubuntu/images/hvm-ssd/ubuntu-focal-20.04-amd64-server-20200817",
            "name_regex": null,
            "owner_id": "099720109477",
            "owners": [
              "099720109477"
            ],
            "platform": null,
            "product_codes": [],
            "public": true,
            "ramdisk_id": null,
            "root_device_name": "/dev/sda1",
            "root_device_type": "ebs",
            "root_snapshot_id": "snap-0a8fe11543619b688",
            "sriov_net_support": "simple",
            "state": "available",
            "state_reason": {
              "code": "UNSET",
              "message": "UNSET"
            },
            "tags": {},
            "virtualization_type": "hvm"
          }
        }
      ]
    },
    {
      "module": "module.vpc",
      "mode": "data",
      "type": "aws_iam_policy_document",
      "name": "flow_log_cloudwatch_assume_role",
      "each": "list",
      "provider": "provider.aws",
      "instances": []
    },
    {
      "module": "module.vpc",
      "mode": "data",
      "type": "aws_iam_policy_document",
      "name": "vpc_flow_log_cloudwatch",
      "each": "list",
      "provider": "provider.aws",
      "instances": []
    },
    {
      "module": "module.vpc",
      "mode": "data",
      "type": "aws_vpc_endpoint_service",
      "name": "access_analyzer",
      "each": "list",
      "provider": "provider.aws",
      "instances": []
    },
    {
      "module": "module.vpc",
      "mode": "data",
      "type": "aws_vpc_endpoint_service",
      "name": "acm_pca",
      "each": "list",
      "provider": "provider.aws",
      "instances": []
    },
    {
      "module": "module.vpc",
      "mode": "data",
      "type": "aws_vpc_endpoint_service",
      "name": "apigw",
      "each": "list",
      "provider": "provider.aws",
      "instances": []
    },
    {
      "module": "module.vpc",
      "mode": "data",
      "type": "aws_vpc_endpoint_service",
      "name": "appmesh_envoy_management",
      "each": "list",
      "provider": "provider.aws",
      "instances": []
    },
    {
      "module": "module.vpc",
      "mode": "data",
      "type": "aws_vpc_endpoint_service",
      "name": "appstream",
      "each": "list",
      "provider": "provider.aws",
      "instances": []
    },
    {
      "module": "module.vpc",
      "mode": "data",
      "type": "aws_vpc_endpoint_service",
      "name": "athena",
      "each": "list",
      "provider": "provider.aws",
      "instances": []
    },
    {
      "module": "module.vpc",
      "mode": "data",
      "type": "aws_vpc_endpoint_service",
      "name": "auto_scaling_plans",
      "each": "list",
      "provider": "provider.aws",
      "instances": []
    },
    {
      "module": "module.vpc",
      "mode": "data",
      "type": "aws_vpc_endpoint_service",
      "name": "cloud_directory",
      "each": "list",
      "provider": "provider.aws",
      "instances": []
    },
    {
      "module": "module.vpc",
      "mode": "data",
      "type": "aws_vpc_endpoint_service",
      "name": "cloudformation",
      "each": "list",
      "provider": "provider.aws",
      "instances": []
    },
    {
      "module": "module.vpc",
      "mode": "data",
      "type": "aws_vpc_endpoint_service",
      "name": "cloudtrail",
      "each": "list",
      "provider": "provider.aws",
      "instances": []
    },
    {
      "module": "module.vpc",
      "mode": "data",
      "type": "aws_vpc_endpoint_service",
      "name": "codebuild",
      "each": "list",
      "provider": "provider.aws",
      "instances": []
    },
    {
      "module": "module.vpc",
      "mode": "data",
      "type": "aws_vpc_endpoint_service",
      "name": "codecommit",
      "each": "list",
      "provider": "provider.aws",
      "instances": []
    },
    {
      "module": "module.vpc",
      "mode": "data",
      "type": "aws_vpc_endpoint_service",
      "name": "codepipeline",
      "each": "list",
      "provider": "provider.aws",
      "instances": []
    },
    {
      "module": "module.vpc",
      "mode": "data",
      "type": "aws_vpc_endpoint_service",
      "name": "config",
      "each": "list",
      "provider": "provider.aws",
      "instances": []
    },
    {
      "module": "module.vpc",
      "mode": "data",
      "type": "aws_vpc_endpoint_service",
      "name": "datasync",
      "each": "list",
      "provider": "provider.aws",
      "instances": []
    },
    {
      "module": "module.vpc",
      "mode": "data",
      "type": "aws_vpc_endpoint_service",
      "name": "dynamodb",
      "each": "list",
      "provider": "provider.aws",
      "instances": []
    },
    {
      "module": "module.vpc",
      "mode": "data",
      "type": "aws_vpc_endpoint_service",
      "name": "ebs",
      "each": "list",
      "provider": "provider.aws",
      "instances": []
    },
    {
      "module": "module.vpc",
      "mode": "data",
      "type": "aws_vpc_endpoint_service",
      "name": "ec2",
      "each": "list",
      "provider": "provider.aws",
      "instances": []
    },
    {
      "module": "module.vpc",
      "mode": "data",
      "type": "aws_vpc_endpoint_service",
      "name": "ec2_autoscaling",
      "each": "list",
      "provider": "provider.aws",
      "instances": []
    },
    {
      "module": "module.vpc",
      "mode": "data",
      "type": "aws_vpc_endpoint_service",
      "name": "ec2messages",
      "each": "list",
      "provider": "provider.aws",
      "instances": []
    },
    {
      "module": "module.vpc",
      "mode": "data",
      "type": "aws_vpc_endpoint_service",
      "name": "ecr_api",
      "each": "list",
      "provider": "provider.aws",
      "instances": []
    },
    {
      "module": "module.vpc",
      "mode": "data",
      "type": "aws_vpc_endpoint_service",
      "name": "ecr_dkr",
      "each": "list",
      "provider": "provider.aws",
      "instances": []
    },
    {
      "module": "module.vpc",
      "mode": "data",
      "type": "aws_vpc_endpoint_service",
      "name": "ecs",
      "each": "list",
      "provider": "provider.aws",
      "instances": []
    },
    {
      "module": "module.vpc",
      "mode": "data",
      "type": "aws_vpc_endpoint_service",
      "name": "ecs_agent",
      "each": "list",
      "provider": "provider.aws",
      "instances": []
    },
    {
      "module": "module.vpc",
      "mode": "data",
      "type": "aws_vpc_endpoint_service",
      "name": "ecs_telemetry",
      "each": "list",
      "provider": "provider.aws",
      "instances": []
    },
    {
      "module": "module.vpc",
      "mode": "data",
      "type": "aws_vpc_endpoint_service",
      "name": "efs",
      "each": "list",
      "provider": "provider.aws",
      "instances": []
    },
    {
      "module": "module.vpc",
      "mode": "data",
      "type": "aws_vpc_endpoint_service",
      "name": "elastic_inference_runtime",
      "each": "list",
      "provider": "provider.aws",
      "instances": []
    },
    {
      "module": "module.vpc",
      "mode": "data",
      "type": "aws_vpc_endpoint_service",
      "name": "elasticbeanstalk",
      "each": "list",
      "provider": "provider.aws",
      "instances": []
    },
    {
      "module": "module.vpc",
      "mode": "data",
      "type": "aws_vpc_endpoint_service",
      "name": "elasticbeanstalk_health",
      "each": "list",
      "provider": "provider.aws",
      "instances": []
    },
    {
      "module": "module.vpc",
      "mode": "data",
      "type": "aws_vpc_endpoint_service",
      "name": "elasticloadbalancing",
      "each": "list",
      "provider": "provider.aws",
      "instances": []
    },
    {
      "module": "module.vpc",
      "mode": "data",
      "type": "aws_vpc_endpoint_service",
      "name": "emr",
      "each": "list",
      "provider": "provider.aws",
      "instances": []
    },
    {
      "module": "module.vpc",
      "mode": "data",
      "type": "aws_vpc_endpoint_service",
      "name": "events",
      "each": "list",
      "provider": "provider.aws",
      "instances": []
    },
    {
      "module": "module.vpc",
      "mode": "data",
      "type": "aws_vpc_endpoint_service",
      "name": "git_codecommit",
      "each": "list",
      "provider": "provider.aws",
      "instances": []
    },
    {
      "module": "module.vpc",
      "mode": "data",
      "type": "aws_vpc_endpoint_service",
      "name": "glue",
      "each": "list",
      "provider": "provider.aws",
      "instances": []
    },
    {
      "module": "module.vpc",
      "mode": "data",
      "type": "aws_vpc_endpoint_service",
      "name": "kinesis_firehose",
      "each": "list",
      "provider": "provider.aws",
      "instances": []
    },
    {
      "module": "module.vpc",
      "mode": "data",
      "type": "aws_vpc_endpoint_service",
      "name": "kinesis_streams",
      "each": "list",
      "provider": "provider.aws",
      "instances": []
    },
    {
      "module": "module.vpc",
      "mode": "data",
      "type": "aws_vpc_endpoint_service",
      "name": "kms",
      "each": "list",
      "provider": "provider.aws",
      "instances": []
    },
    {
      "module": "module.vpc",
      "mode": "data",
      "type": "aws_vpc_endpoint_service",
      "name": "logs",
      "each": "list",
      "provider": "provider.aws",
      "instances": []
    },
    {
      "module": "module.vpc",
      "mode": "data",
      "type": "aws_vpc_endpoint_service",
      "name": "monitoring",
      "each": "list",
      "provider": "provider.aws",
      "instances": []
    },
    {
      "module": "module.vpc",
      "mode": "data",
      "type": "aws_vpc_endpoint_service",
      "name": "qldb_session",
      "each": "list",
      "provider": "provider.aws",
      "instances": []
    },
    {
      "module": "module.vpc",
      "mode": "data",
      "type": "aws_vpc_endpoint_service",
      "name": "rekognition",
      "each": "list",
      "provider": "provider.aws",
      "instances": []
    },
    {
      "module": "module.vpc",
      "mode": "data",
      "type": "aws_vpc_endpoint_service",
      "name": "s3",
      "each": "list",
      "provider": "provider.aws",
      "instances": []
    },
    {
      "module": "module.vpc",
      "mode": "data",
      "type": "aws_vpc_endpoint_service",
      "name": "sagemaker_api",
      "each": "list",
      "provider": "provider.aws",
      "instances": []
    },
    {
      "module": "module.vpc",
      "mode": "data",
      "type": "aws_vpc_endpoint_service",
      "name": "sagemaker_notebook",
      "each": "list",
      "provider": "provider.aws",
      "instances": []
    },
    {
      "module": "module.vpc",
      "mode": "data",
      "type": "aws_vpc_endpoint_service",
      "name": "sagemaker_runtime",
      "each": "list",
      "provider": "provider.aws",
      "instances": []
    },
    {
      "module": "module.vpc",
      "mode": "data",
      "type": "aws_vpc_endpoint_service",
      "name": "secretsmanager",
      "each": "list",
      "provider": "provider.aws",
      "instances": []
    },
    {
      "module": "module.vpc",
      "mode": "data",
      "type": "aws_vpc_endpoint_service",
      "name": "servicecatalog",
      "each": "list",
      "provider": "provider.aws",
      "instances": []
    },
    {
      "module": "module.vpc",
      "mode": "data",
      "type": "aws_vpc_endpoint_service",
      "name": "ses",
      "each": "list",
      "provider": "provider.aws",
      "instances": []
    },
    {
      "module": "module.vpc",
      "mode": "data",
      "type": "aws_vpc_endpoint_service",
      "name": "sms",
      "each": "list",
      "provider": "provider.aws",
      "instances": []
    },
    {
      "module": "module.vpc",
      "mode": "data",
      "type": "aws_vpc_endpoint_service",
      "name": "sns",
      "each": "list",
      "provider": "provider.aws",
      "instances": []
    },
    {
      "module": "module.vpc",
      "mode": "data",
      "type": "aws_vpc_endpoint_service",
      "name": "sqs",
      "each": "list",
      "provider": "provider.aws",
      "instances": []
    },
    {
      "module": "module.vpc",
      "mode": "data",
      "type": "aws_vpc_endpoint_service",
      "name": "ssm",
      "each": "list",
      "provider": "provider.aws",
      "instances": []
    },
    {
      "module": "module.vpc",
      "mode": "data",
      "type": "aws_vpc_endpoint_service",
      "name": "ssmmessages",
      "each": "list",
      "provider": "provider.aws",
      "instances": []
    },
    {
      "module": "module.vpc",
      "mode": "data",
      "type": "aws_vpc_endpoint_service",
      "name": "states",
      "each": "list",
      "provider": "provider.aws",
      "instances": []
    },
    {
      "module": "module.vpc",
      "mode": "data",
      "type": "aws_vpc_endpoint_service",
      "name": "storagegateway",
      "each": "list",
      "provider": "provider.aws",
      "instances": []
    },
    {
      "module": "module.vpc",
      "mode": "data",
      "type": "aws_vpc_endpoint_service",
      "name": "sts",
      "each": "list",
      "provider": "provider.aws",
      "instances": []
    },
    {
      "module": "module.vpc",
      "mode": "data",
      "type": "aws_vpc_endpoint_service",
      "name": "transfer",
      "each": "list",
      "provider": "provider.aws",
      "instances": []
    },
    {
      "module": "module.vpc",
      "mode": "data",
      "type": "aws_vpc_endpoint_service",
      "name": "transferserver",
      "each": "list",
      "provider": "provider.aws",
      "instances": []
    },
    {
      "module": "module.vpc",
      "mode": "data",
      "type": "aws_vpc_endpoint_service",
      "name": "workspaces",
      "each": "list",
      "provider": "provider.aws",
      "instances": []
    },
    {
      "module": "module.vpc",
      "mode": "managed",
      "type": "aws_cloudwatch_log_group",
      "name": "flow_log",
      "each": "list",
      "provider": "provider.aws",
      "instances": []
    },
    {
      "module": "module.vpc",
      "mode": "managed",
      "type": "aws_customer_gateway",
      "name": "this",
      "each": "map",
      "provider": "provider.aws",
      "instances": []
    },
    {
      "module": "module.vpc",
      "mode": "managed",
      "type": "aws_db_subnet_group",
      "name": "database",
      "each": "list",
      "provider": "provider.aws",
      "instances": []
    },
    {
      "module": "module.vpc",
      "mode": "managed",
      "type": "aws_default_network_acl",
      "name": "this",
      "each": "list",
      "provider": "provider.aws",
      "instances": []
    },
    {
      "module": "module.vpc",
      "mode": "managed",
      "type": "aws_default_security_group",
      "name": "this",
      "each": "list",
      "provider": "provider.aws",
      "instances": []
    },
    {
      "module": "module.vpc",
      "mode": "managed",
      "type": "aws_default_vpc",
      "name": "this",
      "each": "list",
      "provider": "provider.aws",
      "instances": []
    },
    {
      "module": "module.vpc",
      "mode": "managed",
      "type": "aws_egress_only_internet_gateway",
      "name": "this",
      "each": "list",
      "provider": "provider.aws",
      "instances": []
    },
    {
      "module": "module.vpc",
      "mode": "managed",
      "type": "aws_eip",
      "name": "nat",
      "each": "list",
      "provider": "provider.aws",
      "instances": []
    },
    {
      "module": "module.vpc",
      "mode": "managed",
      "type": "aws_elasticache_subnet_group",
      "name": "elasticache",
      "each": "list",
      "provider": "provider.aws",
      "instances": []
    },
    {
      "module": "module.vpc",
      "mode": "managed",
      "type": "aws_flow_log",
      "name": "this",
      "each": "list",
      "provider": "provider.aws",
      "instances": []
    },
    {
      "mode": "managed",
      "type": "aws_iam_instance_profile",
      "name": "jenkins",
      "provider": "provider.aws",
      "instances": [
        {
          "schema_version": 0,
          "attributes": {
            "arn": "arn:aws:iam::420711152239:instance-profile/udacity-devops-project-3",
            "create_date": "2020-08-21T02:05:43Z",
            "id": "udacity-devops-project-3",
            "name": "udacity-devops-project-3",
            "name_prefix": null,
            "path": "/",
            "role": "udacity-devops-project-3",
            "unique_id": "AIPAWD5CWXJXZBPJXH6S4"
          },
          "private": "bnVsbA==",
          "dependencies": [
            "aws_iam_role.jenkins"
          ]
        }
      ]
    },
    {
      "mode": "managed",
      "type": "aws_iam_policy",
      "name": "jenkins",
      "provider": "provider.aws",
      "instances": [
        {
          "schema_version": 0,
          "attributes": {
            "arn": "arn:aws:iam::420711152239:policy/udacity-devops-project-3",
            "description": "",
            "id": "arn:aws:iam::420711152239:policy/udacity-devops-project-3",
            "name": "udacity-devops-project-3",
            "name_prefix": null,
            "path": "/",
            "policy": "{\n  \"Version\": \"2012-10-17\",\n  \"Statement\": [\n    {\n      \"Sid\": \"001\",\n      \"Effect\": \"Allow\",\n      \"Action\": \"s3:*\",\n      \"Resource\": [\n        \"arn:aws:s3:::udacity-devops-project-3-app\",\n        \"arn:aws:s3:::udacity-devops-project-3-app/*\"\n      ]\n    }\n  ]\n}\n"
          },
          "private": "bnVsbA==",
          "dependencies": [
            "aws_s3_bucket.app"
          ]
        }
      ]
    },
    {
      "module": "module.vpc",
      "mode": "managed",
      "type": "aws_iam_policy",
      "name": "vpc_flow_log_cloudwatch",
      "each": "list",
      "provider": "provider.aws",
      "instances": []
    },
    {
      "mode": "managed",
      "type": "aws_iam_role",
      "name": "jenkins",
      "provider": "provider.aws",
      "instances": [
        {
          "schema_version": 0,
          "attributes": {
            "arn": "arn:aws:iam::420711152239:role/udacity-devops-project-3",
            "assume_role_policy": "{\"Version\":\"2012-10-17\",\"Statement\":[{\"Sid\":\"\",\"Effect\":\"Allow\",\"Principal\":{\"Service\":\"ec2.amazonaws.com\"},\"Action\":\"sts:AssumeRole\"}]}",
            "create_date": "2020-08-21T02:05:43Z",
            "description": "",
            "force_detach_policies": false,
            "id": "udacity-devops-project-3",
            "max_session_duration": 3600,
            "name": "udacity-devops-project-3",
            "name_prefix": null,
            "path": "/",
            "permissions_boundary": null,
            "tags": null,
            "unique_id": "AROAWD5CWXJXTZGHNCCW4"
          },
          "private": "bnVsbA=="
        }
      ]
    },
    {
      "module": "module.vpc",
      "mode": "managed",
      "type": "aws_iam_role",
      "name": "vpc_flow_log_cloudwatch",
      "each": "list",
      "provider": "provider.aws",
      "instances": []
    },
    {
      "module": "module.vpc",
      "mode": "managed",
      "type": "aws_iam_role_policy_attachment",
      "name": "vpc_flow_log_cloudwatch",
      "each": "list",
      "provider": "provider.aws",
      "instances": []
    },
    {
      "mode": "managed",
      "type": "aws_instance",
      "name": "jenkins",
      "provider": "provider.aws",
      "instances": [
        {
          "schema_version": 1,
          "attributes": {
            "ami": "ami-0ba8629bff503c084",
            "arn": "arn:aws:ec2:us-west-2:420711152239:instance/i-01e05526e39e25bde",
            "associate_public_ip_address": true,
            "availability_zone": "us-west-2a",
            "cpu_core_count": 1,
            "cpu_threads_per_core": 2,
            "credit_specification": [
              {
                "cpu_credits": "unlimited"
              }
            ],
            "disable_api_termination": false,
            "ebs_block_device": [],
            "ebs_optimized": false,
            "ephemeral_block_device": [],
            "get_password_data": false,
            "hibernation": false,
            "host_id": null,
            "iam_instance_profile": "",
            "id": "i-01e05526e39e25bde",
            "instance_initiated_shutdown_behavior": null,
            "instance_state": "running",
            "instance_type": "t3.small",
            "ipv6_address_count": 0,
            "ipv6_addresses": [],
            "key_name": "jenkins",
            "metadata_options": [
              {
                "http_endpoint": "enabled",
                "http_put_response_hop_limit": 1,
                "http_tokens": "optional"
              }
            ],
            "monitoring": false,
            "network_interface": [],
            "outpost_arn": "",
            "password_data": "",
            "placement_group": "",
            "primary_network_interface_id": "eni-0424311ebbb1f8958",
            "private_dns": "ip-10-0-101-39.us-west-2.compute.internal",
            "private_ip": "10.0.101.39",
            "public_dns": "",
            "public_ip": "54.187.104.173",
            "root_block_device": [
              {
                "delete_on_termination": true,
                "device_name": "/dev/sda1",
                "encrypted": false,
                "iops": 100,
                "kms_key_id": "",
                "volume_id": "vol-095f44308f1ed16f8",
                "volume_size": 8,
                "volume_type": "gp2"
              }
            ],
            "secondary_private_ips": [],
            "security_groups": [],
            "source_dest_check": true,
            "subnet_id": "subnet-04feb73473259ccc1",
            "tags": {
              "Name": "udacity-devops-project-3-jenkins"
            },
            "tenancy": "default",
            "timeouts": null,
            "user_data": "ed9c9b2544155334a8d0d67d4ea53b30d64a3023",
            "user_data_base64": null,
            "volume_tags": {},
            "vpc_security_group_ids": [
              "sg-0a0ca1724ccd7fb2f"
            ]
          },
          "private": "eyJlMmJmYjczMC1lY2FhLTExZTYtOGY4OC0zNDM2M2JjN2M0YzAiOnsiY3JlYXRlIjo2MDAwMDAwMDAwMDAsImRlbGV0ZSI6MTIwMDAwMDAwMDAwMCwidXBkYXRlIjo2MDAwMDAwMDAwMDB9LCJzY2hlbWFfdmVyc2lvbiI6IjEifQ==",
          "dependencies": [
            "aws_key_pair.jenkins",
            "aws_security_group.jenkins",
            "module.vpc.aws_subnet.public"
          ]
        }
      ]
    },
    {
      "module": "module.vpc",
      "mode": "managed",
      "type": "aws_internet_gateway",
      "name": "this",
      "each": "list",
      "provider": "provider.aws",
      "instances": [
        {
          "index_key": 0,
          "schema_version": 0,
          "attributes": {
            "arn": "arn:aws:ec2:us-west-2:420711152239:internet-gateway/igw-09d7d1a6cbf4981b9",
            "id": "igw-09d7d1a6cbf4981b9",
            "owner_id": "420711152239",
            "tags": {
              "Name": "udacity-devops-project-3"
            },
            "vpc_id": "vpc-060868182990317fb"
          },
          "private": "bnVsbA==",
          "dependencies": [
            "module.vpc.aws_vpc.this",
            "module.vpc.aws_vpc_ipv4_cidr_block_association.this"
          ]
        }
      ]
    },
    {
      "mode": "managed",
      "type": "aws_key_pair",
      "name": "jenkins",
      "provider": "provider.aws",
      "instances": [
        {
          "schema_version": 1,
          "attributes": {
            "arn": "arn:aws:ec2:us-west-2:420711152239:key-pair/jenkins",
            "fingerprint": "88:ae:06:ea:b8:41:43:c7:9b:9c:04:a4:38:0c:0e:2a",
            "id": "jenkins",
            "key_name": "jenkins",
            "key_name_prefix": null,
            "key_pair_id": "key-0f60dc2bce3a27631",
            "public_key": "ssh-rsa AAAAB3NzaC1yc2EAAAADAQABAAABAQCnSFPe9SmQOLNRuR6fj/BSVpV+XlcenZCD/7li+XELxjJ1OKdAXZUfWVWSuXU8eQqxzOvO1/GttXBJuJ6SrD8r0inNb0oIxjytGQjhW9+Mt3dUYIZxF6lpQTPlvt+Pu/mMdOBmdD9pzOGN7Tz/8e927yw5yWiTB6pOO4gWxMHuC2UNfMnS7C9r/YoMmAMC8gufSLIbdif1il8t2Y37GiQR36KsJrRIMWXJbNbX4cmeVYv3k0GSbtoAtpSG5uMkOChKIKEIjLakVFO5s2VSuMHjBh8Nc/1xxxk+X+CCVmQ0Qfw/O5k0lBit0PfZ7T1iEstYYJRn/c2lIRVns+CbKqQf",
            "tags": {}
          },
          "private": "eyJzY2hlbWFfdmVyc2lvbiI6IjEifQ==",
          "dependencies": [
            "tls_private_key.ssh_key"
          ]
        }
      ]
    },
    {
      "module": "module.vpc",
      "mode": "managed",
      "type": "aws_nat_gateway",
      "name": "this",
      "each": "list",
      "provider": "provider.aws",
      "instances": []
    },
    {
      "module": "module.vpc",
      "mode": "managed",
      "type": "aws_network_acl",
      "name": "database",
      "each": "list",
      "provider": "provider.aws",
      "instances": []
    },
    {
      "module": "module.vpc",
      "mode": "managed",
      "type": "aws_network_acl",
      "name": "elasticache",
      "each": "list",
      "provider": "provider.aws",
      "instances": []
    },
    {
      "module": "module.vpc",
      "mode": "managed",
      "type": "aws_network_acl",
      "name": "intra",
      "each": "list",
      "provider": "provider.aws",
      "instances": []
    },
    {
      "module": "module.vpc",
      "mode": "managed",
      "type": "aws_network_acl",
      "name": "private",
      "each": "list",
      "provider": "provider.aws",
      "instances": []
    },
    {
      "module": "module.vpc",
      "mode": "managed",
      "type": "aws_network_acl",
      "name": "public",
      "each": "list",
      "provider": "provider.aws",
      "instances": []
    },
    {
      "module": "module.vpc",
      "mode": "managed",
      "type": "aws_network_acl",
      "name": "redshift",
      "each": "list",
      "provider": "provider.aws",
      "instances": []
    },
    {
      "module": "module.vpc",
      "mode": "managed",
      "type": "aws_network_acl_rule",
      "name": "database_inbound",
      "each": "list",
      "provider": "provider.aws",
      "instances": []
    },
    {
      "module": "module.vpc",
      "mode": "managed",
      "type": "aws_network_acl_rule",
      "name": "database_outbound",
      "each": "list",
      "provider": "provider.aws",
      "instances": []
    },
    {
      "module": "module.vpc",
      "mode": "managed",
      "type": "aws_network_acl_rule",
      "name": "elasticache_inbound",
      "each": "list",
      "provider": "provider.aws",
      "instances": []
    },
    {
      "module": "module.vpc",
      "mode": "managed",
      "type": "aws_network_acl_rule",
      "name": "elasticache_outbound",
      "each": "list",
      "provider": "provider.aws",
      "instances": []
    },
    {
      "module": "module.vpc",
      "mode": "managed",
      "type": "aws_network_acl_rule",
      "name": "intra_inbound",
      "each": "list",
      "provider": "provider.aws",
      "instances": []
    },
    {
      "module": "module.vpc",
      "mode": "managed",
      "type": "aws_network_acl_rule",
      "name": "intra_outbound",
      "each": "list",
      "provider": "provider.aws",
      "instances": []
    },
    {
      "module": "module.vpc",
      "mode": "managed",
      "type": "aws_network_acl_rule",
      "name": "private_inbound",
      "each": "list",
      "provider": "provider.aws",
      "instances": []
    },
    {
      "module": "module.vpc",
      "mode": "managed",
      "type": "aws_network_acl_rule",
      "name": "private_outbound",
      "each": "list",
      "provider": "provider.aws",
      "instances": []
    },
    {
      "module": "module.vpc",
      "mode": "managed",
      "type": "aws_network_acl_rule",
      "name": "public_inbound",
      "each": "list",
      "provider": "provider.aws",
      "instances": []
    },
    {
      "module": "module.vpc",
      "mode": "managed",
      "type": "aws_network_acl_rule",
      "name": "public_outbound",
      "each": "list",
      "provider": "provider.aws",
      "instances": []
    },
    {
      "module": "module.vpc",
      "mode": "managed",
      "type": "aws_network_acl_rule",
      "name": "redshift_inbound",
      "each": "list",
      "provider": "provider.aws",
      "instances": []
    },
    {
      "module": "module.vpc",
      "mode": "managed",
      "type": "aws_network_acl_rule",
      "name": "redshift_outbound",
      "each": "list",
      "provider": "provider.aws",
      "instances": []
    },
    {
      "module": "module.vpc",
      "mode": "managed",
      "type": "aws_redshift_subnet_group",
      "name": "redshift",
      "each": "list",
      "provider": "provider.aws",
      "instances": []
    },
    {
      "module": "module.vpc",
      "mode": "managed",
      "type": "aws_route",
      "name": "database_internet_gateway",
      "each": "list",
      "provider": "provider.aws",
      "instances": []
    },
    {
      "module": "module.vpc",
      "mode": "managed",
      "type": "aws_route",
      "name": "database_ipv6_egress",
      "each": "list",
      "provider": "provider.aws",
      "instances": []
    },
    {
      "module": "module.vpc",
      "mode": "managed",
      "type": "aws_route",
      "name": "database_nat_gateway",
      "each": "list",
      "provider": "provider.aws",
      "instances": []
    },
    {
      "module": "module.vpc",
      "mode": "managed",
      "type": "aws_route",
      "name": "private_ipv6_egress",
      "each": "list",
      "provider": "provider.aws",
      "instances": []
    },
    {
      "module": "module.vpc",
      "mode": "managed",
      "type": "aws_route",
      "name": "private_nat_gateway",
      "each": "list",
      "provider": "provider.aws",
      "instances": []
    },
    {
      "module": "module.vpc",
      "mode": "managed",
      "type": "aws_route",
      "name": "public_internet_gateway",
      "each": "list",
      "provider": "provider.aws",
      "instances": [
        {
          "index_key": 0,
          "schema_version": 0,
          "attributes": {
            "destination_cidr_block": "0.0.0.0/0",
            "destination_ipv6_cidr_block": "",
            "destination_prefix_list_id": "",
            "egress_only_gateway_id": "",
            "gateway_id": "igw-09d7d1a6cbf4981b9",
            "id": "r-rtb-0118deed12df216031080289494",
            "instance_id": "",
            "instance_owner_id": "",
            "nat_gateway_id": "",
            "network_interface_id": "",
            "origin": "CreateRoute",
            "route_table_id": "rtb-0118deed12df21603",
            "state": "active",
            "timeouts": {
              "create": "5m",
              "delete": null
            },
            "transit_gateway_id": "",
            "vpc_peering_connection_id": ""
          },
          "private": "eyJlMmJmYjczMC1lY2FhLTExZTYtOGY4OC0zNDM2M2JjN2M0YzAiOnsiY3JlYXRlIjozMDAwMDAwMDAwMDAsImRlbGV0ZSI6MzAwMDAwMDAwMDAwfX0=",
          "dependencies": [
            "module.vpc.aws_internet_gateway.this",
            "module.vpc.aws_route_table.public",
            "module.vpc.aws_vpc.this",
            "module.vpc.aws_vpc_ipv4_cidr_block_association.this"
          ]
        }
      ]
    },
    {
      "module": "module.vpc",
      "mode": "managed",
      "type": "aws_route",
      "name": "public_internet_gateway_ipv6",
      "each": "list",
      "provider": "provider.aws",
      "instances": [
        {
          "index_key": 0,
          "schema_version": 0,
          "attributes": {
            "destination_cidr_block": "",
            "destination_ipv6_cidr_block": "::/0",
            "destination_prefix_list_id": "",
            "egress_only_gateway_id": "",
            "gateway_id": "igw-09d7d1a6cbf4981b9",
            "id": "r-rtb-0118deed12df216032750132062",
            "instance_id": "",
            "instance_owner_id": "",
            "nat_gateway_id": "",
            "network_interface_id": "",
            "origin": "CreateRoute",
            "route_table_id": "rtb-0118deed12df21603",
            "state": "active",
            "timeouts": null,
            "transit_gateway_id": "",
            "vpc_peering_connection_id": ""
          },
          "private": "eyJlMmJmYjczMC1lY2FhLTExZTYtOGY4OC0zNDM2M2JjN2M0YzAiOnsiY3JlYXRlIjoxMjAwMDAwMDAwMDAsImRlbGV0ZSI6MzAwMDAwMDAwMDAwfX0=",
          "dependencies": [
            "module.vpc.aws_internet_gateway.this",
            "module.vpc.aws_route_table.public",
            "module.vpc.aws_vpc.this",
            "module.vpc.aws_vpc_ipv4_cidr_block_association.this"
          ]
        }
      ]
    },
    {
      "module": "module.vpc",
      "mode": "managed",
      "type": "aws_route_table",
      "name": "database",
      "each": "list",
      "provider": "provider.aws",
      "instances": []
    },
    {
      "module": "module.vpc",
      "mode": "managed",
      "type": "aws_route_table",
      "name": "elasticache",
      "each": "list",
      "provider": "provider.aws",
      "instances": []
    },
    {
      "module": "module.vpc",
      "mode": "managed",
      "type": "aws_route_table",
      "name": "intra",
      "each": "list",
      "provider": "provider.aws",
      "instances": []
    },
    {
      "module": "module.vpc",
      "mode": "managed",
      "type": "aws_route_table",
      "name": "private",
      "each": "list",
      "provider": "provider.aws",
      "instances": []
    },
    {
      "module": "module.vpc",
      "mode": "managed",
      "type": "aws_route_table",
      "name": "public",
      "each": "list",
      "provider": "provider.aws",
      "instances": [
        {
          "index_key": 0,
          "schema_version": 0,
          "attributes": {
            "id": "rtb-0118deed12df21603",
            "owner_id": "420711152239",
            "propagating_vgws": [],
            "route": [
              {
                "cidr_block": "",
                "egress_only_gateway_id": "",
                "gateway_id": "igw-09d7d1a6cbf4981b9",
                "instance_id": "",
                "ipv6_cidr_block": "::/0",
                "nat_gateway_id": "",
                "network_interface_id": "",
                "transit_gateway_id": "",
                "vpc_peering_connection_id": ""
              },
              {
                "cidr_block": "0.0.0.0/0",
                "egress_only_gateway_id": "",
                "gateway_id": "igw-09d7d1a6cbf4981b9",
                "instance_id": "",
                "ipv6_cidr_block": "",
                "nat_gateway_id": "",
                "network_interface_id": "",
                "transit_gateway_id": "",
                "vpc_peering_connection_id": ""
              }
            ],
            "tags": {
              "Name": "udacity-devops-project-3"
            },
            "vpc_id": "vpc-060868182990317fb"
          },
          "private": "bnVsbA==",
          "dependencies": [
            "module.vpc.aws_vpc.this",
            "module.vpc.aws_vpc_ipv4_cidr_block_association.this"
          ]
        }
      ]
    },
    {
      "module": "module.vpc",
      "mode": "managed",
      "type": "aws_route_table",
      "name": "redshift",
      "each": "list",
      "provider": "provider.aws",
      "instances": []
    },
    {
      "module": "module.vpc",
      "mode": "managed",
      "type": "aws_route_table_association",
      "name": "database",
      "each": "list",
      "provider": "provider.aws",
      "instances": []
    },
    {
      "module": "module.vpc",
      "mode": "managed",
      "type": "aws_route_table_association",
      "name": "elasticache",
      "each": "list",
      "provider": "provider.aws",
      "instances": []
    },
    {
      "module": "module.vpc",
      "mode": "managed",
      "type": "aws_route_table_association",
      "name": "intra",
      "each": "list",
      "provider": "provider.aws",
      "instances": []
    },
    {
      "module": "module.vpc",
      "mode": "managed",
      "type": "aws_route_table_association",
      "name": "private",
      "each": "list",
      "provider": "provider.aws",
      "instances": []
    },
    {
      "module": "module.vpc",
      "mode": "managed",
      "type": "aws_route_table_association",
      "name": "public",
      "each": "list",
      "provider": "provider.aws",
      "instances": [
        {
          "index_key": 0,
          "schema_version": 0,
          "attributes": {
            "gateway_id": null,
            "id": "rtbassoc-00409b07ad99e44a6",
            "route_table_id": "rtb-0118deed12df21603",
            "subnet_id": "subnet-04feb73473259ccc1"
          },
          "private": "bnVsbA==",
          "dependencies": [
            "module.vpc.aws_route_table.public",
            "module.vpc.aws_subnet.public",
            "module.vpc.aws_vpc.this",
            "module.vpc.aws_vpc_ipv4_cidr_block_association.this"
          ]
        }
      ]
    },
    {
      "module": "module.vpc",
      "mode": "managed",
      "type": "aws_route_table_association",
      "name": "redshift",
      "each": "list",
      "provider": "provider.aws",
      "instances": []
    },
    {
      "module": "module.vpc",
      "mode": "managed",
      "type": "aws_route_table_association",
      "name": "redshift_public",
      "each": "list",
      "provider": "provider.aws",
      "instances": []
    },
    {
      "mode": "managed",
      "type": "aws_s3_bucket",
      "name": "app",
      "provider": "provider.aws",
      "instances": [
        {
          "schema_version": 0,
          "attributes": {
            "acceleration_status": "",
            "acl": "private",
            "arn": "arn:aws:s3:::udacity-devops-project-3-app",
            "bucket": "udacity-devops-project-3-app",
            "bucket_domain_name": "udacity-devops-project-3-app.s3.amazonaws.com",
            "bucket_prefix": null,
            "bucket_regional_domain_name": "udacity-devops-project-3-app.s3.us-west-2.amazonaws.com",
            "cors_rule": [],
            "force_destroy": false,
            "grant": [],
            "hosted_zone_id": "Z3BJ6K6RIION7M",
            "id": "udacity-devops-project-3-app",
            "lifecycle_rule": [],
            "logging": [],
            "object_lock_configuration": [],
            "policy": null,
            "region": "us-west-2",
            "replication_configuration": [],
            "request_payer": "BucketOwner",
            "server_side_encryption_configuration": [],
            "tags": {},
            "versioning": [
              {
                "enabled": false,
                "mfa_delete": false
              }
            ],
            "website": [],
            "website_domain": null,
            "website_endpoint": null
          },
          "private": "bnVsbA=="
        }
      ]
    },
    {
      "mode": "managed",
      "type": "aws_security_group",
      "name": "jenkins",
      "provider": "provider.aws",
      "instances": [
        {
          "schema_version": 1,
          "attributes": {
            "arn": "arn:aws:ec2:us-west-2:420711152239:security-group/sg-0a0ca1724ccd7fb2f",
            "description": "Managed by Terraform",
            "egress": [
              {
                "cidr_blocks": [
                  "0.0.0.0/0"
                ],
                "description": "",
                "from_port": 0,
                "ipv6_cidr_blocks": [],
                "prefix_list_ids": [],
                "protocol": "-1",
                "security_groups": [],
                "self": false,
                "to_port": 0
              }
            ],
            "id": "sg-0a0ca1724ccd7fb2f",
            "ingress": [
              {
                "cidr_blocks": [
                  "67.232.195.158/32"
                ],
                "description": "",
                "from_port": 22,
                "ipv6_cidr_blocks": [],
                "prefix_list_ids": [],
                "protocol": "tcp",
                "security_groups": [],
                "self": false,
                "to_port": 22
              },
              {
                "cidr_blocks": [
                  "67.232.195.158/32"
                ],
                "description": "",
                "from_port": 8080,
                "ipv6_cidr_blocks": [],
                "prefix_list_ids": [],
                "protocol": "tcp",
                "security_groups": [],
                "self": false,
                "to_port": 8080
              }
            ],
            "name": "udacity-devops-project-3-jenkins",
            "name_prefix": "",
            "owner_id": "420711152239",
            "revoke_rules_on_delete": false,
            "tags": {
              "Name": "udacity-devops-project-3"
            },
            "timeouts": null,
            "vpc_id": "vpc-060868182990317fb"
          },
          "private": "eyJlMmJmYjczMC1lY2FhLTExZTYtOGY4OC0zNDM2M2JjN2M0YzAiOnsiY3JlYXRlIjo2MDAwMDAwMDAwMDAsImRlbGV0ZSI6NjAwMDAwMDAwMDAwfSwic2NoZW1hX3ZlcnNpb24iOiIxIn0=",
          "dependencies": [
            "module.vpc.aws_vpc.this"
          ]
        }
      ]
    },
    {
      "module": "module.vpc",
      "mode": "managed",
      "type": "aws_subnet",
      "name": "database",
      "each": "list",
      "provider": "provider.aws",
      "instances": []
    },
    {
      "module": "module.vpc",
      "mode": "managed",
      "type": "aws_subnet",
      "name": "elasticache",
      "each": "list",
      "provider": "provider.aws",
      "instances": []
    },
    {
      "module": "module.vpc",
      "mode": "managed",
      "type": "aws_subnet",
      "name": "intra",
      "each": "list",
      "provider": "provider.aws",
      "instances": []
    },
    {
      "module": "module.vpc",
      "mode": "managed",
      "type": "aws_subnet",
      "name": "private",
      "each": "list",
      "provider": "provider.aws",
      "instances": []
    },
    {
      "module": "module.vpc",
      "mode": "managed",
      "type": "aws_subnet",
      "name": "public",
      "each": "list",
      "provider": "provider.aws",
      "instances": [
        {
          "index_key": 0,
          "schema_version": 1,
          "attributes": {
            "arn": "arn:aws:ec2:us-west-2:420711152239:subnet/subnet-04feb73473259ccc1",
            "assign_ipv6_address_on_creation": false,
            "availability_zone": "us-west-2a",
            "availability_zone_id": "usw2-az2",
            "cidr_block": "10.0.101.0/24",
            "id": "subnet-04feb73473259ccc1",
            "ipv6_cidr_block": "",
            "ipv6_cidr_block_association_id": "",
            "map_public_ip_on_launch": true,
            "outpost_arn": "",
            "owner_id": "420711152239",
            "tags": {
              "Name": "udacity-devops-project-3"
            },
            "timeouts": null,
            "vpc_id": "vpc-060868182990317fb"
          },
          "private": "eyJlMmJmYjczMC1lY2FhLTExZTYtOGY4OC0zNDM2M2JjN2M0YzAiOnsiY3JlYXRlIjo2MDAwMDAwMDAwMDAsImRlbGV0ZSI6MTIwMDAwMDAwMDAwMH0sInNjaGVtYV92ZXJzaW9uIjoiMSJ9",
          "dependencies": [
            "module.vpc.aws_vpc.this",
            "module.vpc.aws_vpc_ipv4_cidr_block_association.this"
          ]
        }
      ]
    },
    {
      "module": "module.vpc",
      "mode": "managed",
      "type": "aws_subnet",
      "name": "redshift",
      "each": "list",
      "provider": "provider.aws",
      "instances": []
    },
    {
      "module": "module.vpc",
      "mode": "managed",
      "type": "aws_vpc",
      "name": "this",
      "each": "list",
      "provider": "provider.aws",
      "instances": [
        {
          "index_key": 0,
          "schema_version": 1,
          "attributes": {
            "arn": "arn:aws:ec2:us-west-2:420711152239:vpc/vpc-060868182990317fb",
            "assign_generated_ipv6_cidr_block": true,
            "cidr_block": "10.0.0.0/16",
            "default_network_acl_id": "acl-09fa07d0632b64581",
            "default_route_table_id": "rtb-0666d4f351d643de6",
            "default_security_group_id": "sg-066840831644c61a4",
            "dhcp_options_id": "dopt-65b5c71d",
            "enable_classiclink": false,
            "enable_classiclink_dns_support": false,
            "enable_dns_hostnames": false,
            "enable_dns_support": true,
            "id": "vpc-060868182990317fb",
            "instance_tenancy": "default",
            "ipv6_association_id": "vpc-cidr-assoc-0667e6d5e2d62b963",
            "ipv6_cidr_block": "2600:1f14:3c6:b800::/56",
            "main_route_table_id": "rtb-0666d4f351d643de6",
            "owner_id": "420711152239",
            "tags": {
              "Name": "udacity-devops-project-3"
            }
          },
          "private": "eyJzY2hlbWFfdmVyc2lvbiI6IjEifQ=="
        }
      ]
    },
    {
      "module": "module.vpc",
      "mode": "managed",
      "type": "aws_vpc_dhcp_options",
      "name": "this",
      "each": "list",
      "provider": "provider.aws",
      "instances": []
    },
    {
      "module": "module.vpc",
      "mode": "managed",
      "type": "aws_vpc_dhcp_options_association",
      "name": "this",
      "each": "list",
      "provider": "provider.aws",
      "instances": []
    },
    {
      "module": "module.vpc",
      "mode": "managed",
      "type": "aws_vpc_endpoint",
      "name": "access_analyzer",
      "each": "list",
      "provider": "provider.aws",
      "instances": []
    },
    {
      "module": "module.vpc",
      "mode": "managed",
      "type": "aws_vpc_endpoint",
      "name": "acm_pca",
      "each": "list",
      "provider": "provider.aws",
      "instances": []
    },
    {
      "module": "module.vpc",
      "mode": "managed",
      "type": "aws_vpc_endpoint",
      "name": "apigw",
      "each": "list",
      "provider": "provider.aws",
      "instances": []
    },
    {
      "module": "module.vpc",
      "mode": "managed",
      "type": "aws_vpc_endpoint",
      "name": "appmesh_envoy_management",
      "each": "list",
      "provider": "provider.aws",
      "instances": []
    },
    {
      "module": "module.vpc",
      "mode": "managed",
      "type": "aws_vpc_endpoint",
      "name": "appstream",
      "each": "list",
      "provider": "provider.aws",
      "instances": []
    },
    {
      "module": "module.vpc",
      "mode": "managed",
      "type": "aws_vpc_endpoint",
      "name": "athena",
      "each": "list",
      "provider": "provider.aws",
      "instances": []
    },
    {
      "module": "module.vpc",
      "mode": "managed",
      "type": "aws_vpc_endpoint",
      "name": "auto_scaling_plans",
      "each": "list",
      "provider": "provider.aws",
      "instances": []
    },
    {
      "module": "module.vpc",
      "mode": "managed",
      "type": "aws_vpc_endpoint",
      "name": "cloud_directory",
      "each": "list",
      "provider": "provider.aws",
      "instances": []
    },
    {
      "module": "module.vpc",
      "mode": "managed",
      "type": "aws_vpc_endpoint",
      "name": "cloudformation",
      "each": "list",
      "provider": "provider.aws",
      "instances": []
    },
    {
      "module": "module.vpc",
      "mode": "managed",
      "type": "aws_vpc_endpoint",
      "name": "cloudtrail",
      "each": "list",
      "provider": "provider.aws",
      "instances": []
    },
    {
      "module": "module.vpc",
      "mode": "managed",
      "type": "aws_vpc_endpoint",
      "name": "codebuild",
      "each": "list",
      "provider": "provider.aws",
      "instances": []
    },
    {
      "module": "module.vpc",
      "mode": "managed",
      "type": "aws_vpc_endpoint",
      "name": "codecommit",
      "each": "list",
      "provider": "provider.aws",
      "instances": []
    },
    {
      "module": "module.vpc",
      "mode": "managed",
      "type": "aws_vpc_endpoint",
      "name": "codepipeline",
      "each": "list",
      "provider": "provider.aws",
      "instances": []
    },
    {
      "module": "module.vpc",
      "mode": "managed",
      "type": "aws_vpc_endpoint",
      "name": "config",
      "each": "list",
      "provider": "provider.aws",
      "instances": []
    },
    {
      "module": "module.vpc",
      "mode": "managed",
      "type": "aws_vpc_endpoint",
      "name": "datasync",
      "each": "list",
      "provider": "provider.aws",
      "instances": []
    },
    {
      "module": "module.vpc",
      "mode": "managed",
      "type": "aws_vpc_endpoint",
      "name": "dynamodb",
      "each": "list",
      "provider": "provider.aws",
      "instances": []
    },
    {
      "module": "module.vpc",
      "mode": "managed",
      "type": "aws_vpc_endpoint",
      "name": "ebs",
      "each": "list",
      "provider": "provider.aws",
      "instances": []
    },
    {
      "module": "module.vpc",
      "mode": "managed",
      "type": "aws_vpc_endpoint",
      "name": "ec2",
      "each": "list",
      "provider": "provider.aws",
      "instances": []
    },
    {
      "module": "module.vpc",
      "mode": "managed",
      "type": "aws_vpc_endpoint",
      "name": "ec2_autoscaling",
      "each": "list",
      "provider": "provider.aws",
      "instances": []
    },
    {
      "module": "module.vpc",
      "mode": "managed",
      "type": "aws_vpc_endpoint",
      "name": "ec2messages",
      "each": "list",
      "provider": "provider.aws",
      "instances": []
    },
    {
      "module": "module.vpc",
      "mode": "managed",
      "type": "aws_vpc_endpoint",
      "name": "ecr_api",
      "each": "list",
      "provider": "provider.aws",
      "instances": []
    },
    {
      "module": "module.vpc",
      "mode": "managed",
      "type": "aws_vpc_endpoint",
      "name": "ecr_dkr",
      "each": "list",
      "provider": "provider.aws",
      "instances": []
    },
    {
      "module": "module.vpc",
      "mode": "managed",
      "type": "aws_vpc_endpoint",
      "name": "ecs",
      "each": "list",
      "provider": "provider.aws",
      "instances": []
    },
    {
      "module": "module.vpc",
      "mode": "managed",
      "type": "aws_vpc_endpoint",
      "name": "ecs_agent",
      "each": "list",
      "provider": "provider.aws",
      "instances": []
    },
    {
      "module": "module.vpc",
      "mode": "managed",
      "type": "aws_vpc_endpoint",
      "name": "ecs_telemetry",
      "each": "list",
      "provider": "provider.aws",
      "instances": []
    },
    {
      "module": "module.vpc",
      "mode": "managed",
      "type": "aws_vpc_endpoint",
      "name": "efs",
      "each": "list",
      "provider": "provider.aws",
      "instances": []
    },
    {
      "module": "module.vpc",
      "mode": "managed",
      "type": "aws_vpc_endpoint",
      "name": "elastic_inference_runtime",
      "each": "list",
      "provider": "provider.aws",
      "instances": []
    },
    {
      "module": "module.vpc",
      "mode": "managed",
      "type": "aws_vpc_endpoint",
      "name": "elasticbeanstalk",
      "each": "list",
      "provider": "provider.aws",
      "instances": []
    },
    {
      "module": "module.vpc",
      "mode": "managed",
      "type": "aws_vpc_endpoint",
      "name": "elasticbeanstalk_health",
      "each": "list",
      "provider": "provider.aws",
      "instances": []
    },
    {
      "module": "module.vpc",
      "mode": "managed",
      "type": "aws_vpc_endpoint",
      "name": "elasticloadbalancing",
      "each": "list",
      "provider": "provider.aws",
      "instances": []
    },
    {
      "module": "module.vpc",
      "mode": "managed",
      "type": "aws_vpc_endpoint",
      "name": "emr",
      "each": "list",
      "provider": "provider.aws",
      "instances": []
    },
    {
      "module": "module.vpc",
      "mode": "managed",
      "type": "aws_vpc_endpoint",
      "name": "events",
      "each": "list",
      "provider": "provider.aws",
      "instances": []
    },
    {
      "module": "module.vpc",
      "mode": "managed",
      "type": "aws_vpc_endpoint",
      "name": "git_codecommit",
      "each": "list",
      "provider": "provider.aws",
      "instances": []
    },
    {
      "module": "module.vpc",
      "mode": "managed",
      "type": "aws_vpc_endpoint",
      "name": "glue",
      "each": "list",
      "provider": "provider.aws",
      "instances": []
    },
    {
      "module": "module.vpc",
      "mode": "managed",
      "type": "aws_vpc_endpoint",
      "name": "kinesis_firehose",
      "each": "list",
      "provider": "provider.aws",
      "instances": []
    },
    {
      "module": "module.vpc",
      "mode": "managed",
      "type": "aws_vpc_endpoint",
      "name": "kinesis_streams",
      "each": "list",
      "provider": "provider.aws",
      "instances": []
    },
    {
      "module": "module.vpc",
      "mode": "managed",
      "type": "aws_vpc_endpoint",
      "name": "kms",
      "each": "list",
      "provider": "provider.aws",
      "instances": []
    },
    {
      "module": "module.vpc",
      "mode": "managed",
      "type": "aws_vpc_endpoint",
      "name": "logs",
      "each": "list",
      "provider": "provider.aws",
      "instances": []
    },
    {
      "module": "module.vpc",
      "mode": "managed",
      "type": "aws_vpc_endpoint",
      "name": "monitoring",
      "each": "list",
      "provider": "provider.aws",
      "instances": []
    },
    {
      "module": "module.vpc",
      "mode": "managed",
      "type": "aws_vpc_endpoint",
      "name": "qldb_session",
      "each": "list",
      "provider": "provider.aws",
      "instances": []
    },
    {
      "module": "module.vpc",
      "mode": "managed",
      "type": "aws_vpc_endpoint",
      "name": "rekognition",
      "each": "list",
      "provider": "provider.aws",
      "instances": []
    },
    {
      "module": "module.vpc",
      "mode": "managed",
      "type": "aws_vpc_endpoint",
      "name": "s3",
      "each": "list",
      "provider": "provider.aws",
      "instances": []
    },
    {
      "module": "module.vpc",
      "mode": "managed",
      "type": "aws_vpc_endpoint",
      "name": "sagemaker_api",
      "each": "list",
      "provider": "provider.aws",
      "instances": []
    },
    {
      "module": "module.vpc",
      "mode": "managed",
      "type": "aws_vpc_endpoint",
      "name": "sagemaker_notebook",
      "each": "list",
      "provider": "provider.aws",
      "instances": []
    },
    {
      "module": "module.vpc",
      "mode": "managed",
      "type": "aws_vpc_endpoint",
      "name": "sagemaker_runtime",
      "each": "list",
      "provider": "provider.aws",
      "instances": []
    },
    {
      "module": "module.vpc",
      "mode": "managed",
      "type": "aws_vpc_endpoint",
      "name": "secretsmanager",
      "each": "list",
      "provider": "provider.aws",
      "instances": []
    },
    {
      "module": "module.vpc",
      "mode": "managed",
      "type": "aws_vpc_endpoint",
      "name": "servicecatalog",
      "each": "list",
      "provider": "provider.aws",
      "instances": []
    },
    {
      "module": "module.vpc",
      "mode": "managed",
      "type": "aws_vpc_endpoint",
      "name": "ses",
      "each": "list",
      "provider": "provider.aws",
      "instances": []
    },
    {
      "module": "module.vpc",
      "mode": "managed",
      "type": "aws_vpc_endpoint",
      "name": "sms",
      "each": "list",
      "provider": "provider.aws",
      "instances": []
    },
    {
      "module": "module.vpc",
      "mode": "managed",
      "type": "aws_vpc_endpoint",
      "name": "sns",
      "each": "list",
      "provider": "provider.aws",
      "instances": []
    },
    {
      "module": "module.vpc",
      "mode": "managed",
      "type": "aws_vpc_endpoint",
      "name": "sqs",
      "each": "list",
      "provider": "provider.aws",
      "instances": []
    },
    {
      "module": "module.vpc",
      "mode": "managed",
      "type": "aws_vpc_endpoint",
      "name": "ssm",
      "each": "list",
      "provider": "provider.aws",
      "instances": []
    },
    {
      "module": "module.vpc",
      "mode": "managed",
      "type": "aws_vpc_endpoint",
      "name": "ssmmessages",
      "each": "list",
      "provider": "provider.aws",
      "instances": []
    },
    {
      "module": "module.vpc",
      "mode": "managed",
      "type": "aws_vpc_endpoint",
      "name": "states",
      "each": "list",
      "provider": "provider.aws",
      "instances": []
    },
    {
      "module": "module.vpc",
      "mode": "managed",
      "type": "aws_vpc_endpoint",
      "name": "storagegateway",
      "each": "list",
      "provider": "provider.aws",
      "instances": []
    },
    {
      "module": "module.vpc",
      "mode": "managed",
      "type": "aws_vpc_endpoint",
      "name": "sts",
      "each": "list",
      "provider": "provider.aws",
      "instances": []
    },
    {
      "module": "module.vpc",
      "mode": "managed",
      "type": "aws_vpc_endpoint",
      "name": "transfer",
      "each": "list",
      "provider": "provider.aws",
      "instances": []
    },
    {
      "module": "module.vpc",
      "mode": "managed",
      "type": "aws_vpc_endpoint",
      "name": "transferserver",
      "each": "list",
      "provider": "provider.aws",
      "instances": []
    },
    {
      "module": "module.vpc",
      "mode": "managed",
      "type": "aws_vpc_endpoint",
      "name": "workspaces",
      "each": "list",
      "provider": "provider.aws",
      "instances": []
    },
    {
      "module": "module.vpc",
      "mode": "managed",
      "type": "aws_vpc_endpoint_route_table_association",
      "name": "intra_dynamodb",
      "each": "list",
      "provider": "provider.aws",
      "instances": []
    },
    {
      "module": "module.vpc",
      "mode": "managed",
      "type": "aws_vpc_endpoint_route_table_association",
      "name": "intra_s3",
      "each": "list",
      "provider": "provider.aws",
      "instances": []
    },
    {
      "module": "module.vpc",
      "mode": "managed",
      "type": "aws_vpc_endpoint_route_table_association",
      "name": "private_dynamodb",
      "each": "list",
      "provider": "provider.aws",
      "instances": []
    },
    {
      "module": "module.vpc",
      "mode": "managed",
      "type": "aws_vpc_endpoint_route_table_association",
      "name": "private_s3",
      "each": "list",
      "provider": "provider.aws",
      "instances": []
    },
    {
      "module": "module.vpc",
      "mode": "managed",
      "type": "aws_vpc_endpoint_route_table_association",
      "name": "public_dynamodb",
      "each": "list",
      "provider": "provider.aws",
      "instances": []
    },
    {
      "module": "module.vpc",
      "mode": "managed",
      "type": "aws_vpc_endpoint_route_table_association",
      "name": "public_s3",
      "each": "list",
      "provider": "provider.aws",
      "instances": []
    },
    {
      "module": "module.vpc",
      "mode": "managed",
      "type": "aws_vpc_ipv4_cidr_block_association",
      "name": "this",
      "each": "list",
      "provider": "provider.aws",
      "instances": []
    },
    {
      "module": "module.vpc",
      "mode": "managed",
      "type": "aws_vpn_gateway",
      "name": "this",
      "each": "list",
      "provider": "provider.aws",
      "instances": []
    },
    {
      "module": "module.vpc",
      "mode": "managed",
      "type": "aws_vpn_gateway_attachment",
      "name": "this",
      "each": "list",
      "provider": "provider.aws",
      "instances": []
    },
    {
      "module": "module.vpc",
      "mode": "managed",
      "type": "aws_vpn_gateway_route_propagation",
      "name": "intra",
      "each": "list",
      "provider": "provider.aws",
      "instances": []
    },
    {
      "module": "module.vpc",
      "mode": "managed",
      "type": "aws_vpn_gateway_route_propagation",
      "name": "private",
      "each": "list",
      "provider": "provider.aws",
      "instances": []
    },
    {
      "module": "module.vpc",
      "mode": "managed",
      "type": "aws_vpn_gateway_route_propagation",
      "name": "public",
      "each": "list",
      "provider": "provider.aws",
      "instances": []
    },
    {
      "mode": "managed",
      "type": "local_file",
      "name": "ssh_key",
      "provider": "provider.local",
      "instances": [
        {
          "schema_version": 0,
          "attributes": {
            "content": null,
            "content_base64": null,
            "directory_permission": "0777",
            "file_permission": "0777",
            "filename": "./id_rsa",
            "id": "83cfd6900964ea1324e9f08c93e18d59a13661e3",
            "sensitive_content": "-----BEGIN RSA PRIVATE KEY-----\nMIIEowIBAAKCAQEAp0hT3vUpkDizUbken4/wUlaVfl5XHp2Qg/+5YvlxC8YydTin\nQF2VH1lVkrl1PHkKsczrztfxrbVwSbiekqw/K9IpzW9KCMY8rRkI4VvfjLd3VGCG\ncRepaUEz5b7fj7v5jHTgZnQ/aczhje08//Hvdu8sOclokweqTjuIFsTB7gtlDXzJ\n0uwva/2KDJgDAvILn0iyG3Yn9YpfLdmN+xokEd+irCa0SDFlyWzW1+HJnlWL95NB\nkm7aALaUhubjJDgoSiChCIy2pFRTubNlUrjB4wYfDXP9cccZPl/gglZkNEH8PzuZ\nNJQYrdD32e09YhLLWGCUZ/3NpSEVZ7PgmyqkHwIDAQABAoIBAD/x6f2kgcrbodBv\nj0E3aIpRBrxTm8HcQU30Bw3KhGgXz1n32hdErqhZIdkAg8wmCOyGhO2ApqXcYZwM\nsrEmns9Fey1IiWhpPvB8TWS4FfBYgYkDjODWRrAxeIEuQY9UL8R9OPpxHXx4ERCL\ny3GbLgqsyp8cWpk5qORW5WKuu+MeYYtikIKcCKFyGXo3n5dmwLmwzt5bUgamhVKG\n0eGHnl4JGb4yft9Rd4R0dLzx/IyX7emS+WqCgDEpHKQZ7BNghQCTaO9+FnHQvDHo\nCa6W7KciwNB2ry5FReNPuy+oFhgzEntzFhduVZm9OmVwQ8knWjbTwZWl0xcm4qTT\n33sMhCECgYEA2c8Lt3ArThyA8LGl4SP0qIaGIrtFQL3JZn3BlOhxBhwx5/Nn1OrI\nn68f3bD3ZW2PgtaRWPkZHTQ7dST+ZqzunnoxjkrFapPD4eCI69S6e54H3QHZnFnP\nLrut1sN9SFRSYqWSNN0RYZ/fZs32ib9jzeVpM7oZgHYJ/xkgcRNuhlsCgYEAxJ1F\nQUHiZ8Yo5ekt9G2UIfp0undtMJvuyuWt5fCYr7P1BIIX4yXQ2nrOiOUesjHKYjiV\nUGf/6c45qdBJB/WAzCQh0xG+5eDUpP8tYYM4FFcQ5cHzknX56tTg5Wn1S3NHP9qY\nk5vEeOx6nnekXfJwf6eNYnaihq9gZgQd6r0JLI0CgYBUI8SN73n7Kc2xrZ6782ze\n8WC96AQft3Em86ulf4mx55Br3z6cJLqt3TP9KxDXENTgoUzyxv+ppXTWkxznwyRG\n+kNMiZvryPthtaCPIdWMTYcSHFXZLWR41C2ailhKabCNxRJO85t0UBM4HpZ/rfy7\nHEVgoyKY2oCQGD/NDsmigwKBgQC80G/GuJfNos555JG+T1FXxCc/Pxt79/O9pA55\naLGo4oAlgS2hdRp6Bj+71ZTB+fDqnH5ABnAMP4C+5IiN/SVgZj6ZbUxPhLeRcIFL\nSPGdDvPqQXVBLM0ByMflaPkpKR6+YpXuA0QOAMPM1QbjNcT1wpmTemygPWGs9r0o\nRbu+rQKBgBceoP1y6UtxqXAwS0f8Ci9bpf/qOKMlb0Ir0gW/2b5Ff0CQmePrOw2A\nrxhta7fKEW5ypfGeqV4HH8i9rITNZsy7MhWvj6+D0Ej0mt2TCHxENbtQQUD/H+Q4\nn892ckFdK+UsacL6kvCTvIsih+ntKByf8zPwmPhw7IaDq6+mjvXo\n-----END RSA PRIVATE KEY-----\n"
          },
          "private": "bnVsbA==",
          "dependencies": [
            "tls_private_key.ssh_key"
          ]
        }
      ]
    },
    {
      "mode": "managed",
      "type": "tls_private_key",
      "name": "ssh_key",
      "provider": "provider.tls",
      "instances": [
        {
          "schema_version": 0,
          "attributes": {
            "algorithm": "RSA",
            "ecdsa_curve": "P224",
            "id": "204030ee7479a497ac89ef50112f52db4c96a69f",
            "private_key_pem": "-----BEGIN RSA PRIVATE KEY-----\nMIIEowIBAAKCAQEAp0hT3vUpkDizUbken4/wUlaVfl5XHp2Qg/+5YvlxC8YydTin\nQF2VH1lVkrl1PHkKsczrztfxrbVwSbiekqw/K9IpzW9KCMY8rRkI4VvfjLd3VGCG\ncRepaUEz5b7fj7v5jHTgZnQ/aczhje08//Hvdu8sOclokweqTjuIFsTB7gtlDXzJ\n0uwva/2KDJgDAvILn0iyG3Yn9YpfLdmN+xokEd+irCa0SDFlyWzW1+HJnlWL95NB\nkm7aALaUhubjJDgoSiChCIy2pFRTubNlUrjB4wYfDXP9cccZPl/gglZkNEH8PzuZ\nNJQYrdD32e09YhLLWGCUZ/3NpSEVZ7PgmyqkHwIDAQABAoIBAD/x6f2kgcrbodBv\nj0E3aIpRBrxTm8HcQU30Bw3KhGgXz1n32hdErqhZIdkAg8wmCOyGhO2ApqXcYZwM\nsrEmns9Fey1IiWhpPvB8TWS4FfBYgYkDjODWRrAxeIEuQY9UL8R9OPpxHXx4ERCL\ny3GbLgqsyp8cWpk5qORW5WKuu+MeYYtikIKcCKFyGXo3n5dmwLmwzt5bUgamhVKG\n0eGHnl4JGb4yft9Rd4R0dLzx/IyX7emS+WqCgDEpHKQZ7BNghQCTaO9+FnHQvDHo\nCa6W7KciwNB2ry5FReNPuy+oFhgzEntzFhduVZm9OmVwQ8knWjbTwZWl0xcm4qTT\n33sMhCECgYEA2c8Lt3ArThyA8LGl4SP0qIaGIrtFQL3JZn3BlOhxBhwx5/Nn1OrI\nn68f3bD3ZW2PgtaRWPkZHTQ7dST+ZqzunnoxjkrFapPD4eCI69S6e54H3QHZnFnP\nLrut1sN9SFRSYqWSNN0RYZ/fZs32ib9jzeVpM7oZgHYJ/xkgcRNuhlsCgYEAxJ1F\nQUHiZ8Yo5ekt9G2UIfp0undtMJvuyuWt5fCYr7P1BIIX4yXQ2nrOiOUesjHKYjiV\nUGf/6c45qdBJB/WAzCQh0xG+5eDUpP8tYYM4FFcQ5cHzknX56tTg5Wn1S3NHP9qY\nk5vEeOx6nnekXfJwf6eNYnaihq9gZgQd6r0JLI0CgYBUI8SN73n7Kc2xrZ6782ze\n8WC96AQft3Em86ulf4mx55Br3z6cJLqt3TP9KxDXENTgoUzyxv+ppXTWkxznwyRG\n+kNMiZvryPthtaCPIdWMTYcSHFXZLWR41C2ailhKabCNxRJO85t0UBM4HpZ/rfy7\nHEVgoyKY2oCQGD/NDsmigwKBgQC80G/GuJfNos555JG+T1FXxCc/Pxt79/O9pA55\naLGo4oAlgS2hdRp6Bj+71ZTB+fDqnH5ABnAMP4C+5IiN/SVgZj6ZbUxPhLeRcIFL\nSPGdDvPqQXVBLM0ByMflaPkpKR6+YpXuA0QOAMPM1QbjNcT1wpmTemygPWGs9r0o\nRbu+rQKBgBceoP1y6UtxqXAwS0f8Ci9bpf/qOKMlb0Ir0gW/2b5Ff0CQmePrOw2A\nrxhta7fKEW5ypfGeqV4HH8i9rITNZsy7MhWvj6+D0Ej0mt2TCHxENbtQQUD/H+Q4\nn892ckFdK+UsacL6kvCTvIsih+ntKByf8zPwmPhw7IaDq6+mjvXo\n-----END RSA PRIVATE KEY-----\n",
            "public_key_fingerprint_md5": "7a:b8:b1:3c:38:76:e6:6f:7c:e4:05:26:c9:59:c9:d6",
            "public_key_openssh": "ssh-rsa AAAAB3NzaC1yc2EAAAADAQABAAABAQCnSFPe9SmQOLNRuR6fj/BSVpV+XlcenZCD/7li+XELxjJ1OKdAXZUfWVWSuXU8eQqxzOvO1/GttXBJuJ6SrD8r0inNb0oIxjytGQjhW9+Mt3dUYIZxF6lpQTPlvt+Pu/mMdOBmdD9pzOGN7Tz/8e927yw5yWiTB6pOO4gWxMHuC2UNfMnS7C9r/YoMmAMC8gufSLIbdif1il8t2Y37GiQR36KsJrRIMWXJbNbX4cmeVYv3k0GSbtoAtpSG5uMkOChKIKEIjLakVFO5s2VSuMHjBh8Nc/1xxxk+X+CCVmQ0Qfw/O5k0lBit0PfZ7T1iEstYYJRn/c2lIRVns+CbKqQf\n",
            "public_key_pem": "-----BEGIN PUBLIC KEY-----\nMIIBIjANBgkqhkiG9w0BAQEFAAOCAQ8AMIIBCgKCAQEAp0hT3vUpkDizUbken4/w\nUlaVfl5XHp2Qg/+5YvlxC8YydTinQF2VH1lVkrl1PHkKsczrztfxrbVwSbiekqw/\nK9IpzW9KCMY8rRkI4VvfjLd3VGCGcRepaUEz5b7fj7v5jHTgZnQ/aczhje08//Hv\ndu8sOclokweqTjuIFsTB7gtlDXzJ0uwva/2KDJgDAvILn0iyG3Yn9YpfLdmN+xok\nEd+irCa0SDFlyWzW1+HJnlWL95NBkm7aALaUhubjJDgoSiChCIy2pFRTubNlUrjB\n4wYfDXP9cccZPl/gglZkNEH8PzuZNJQYrdD32e09YhLLWGCUZ/3NpSEVZ7Pgmyqk\nHwIDAQAB\n-----END PUBLIC KEY-----\n",
            "rsa_bits": 2048
          },
          "private": "bnVsbA=="
        }
      ]
    }
  ]
}
