{
  "version": 4,
  "terraform_version": "0.12.29",
  "serial": 38,
  "lineage": "1539834a-a7c8-efca-9800-54df89f0d900",
  "outputs": {
    "jenkins_ip": {
      "value": "18.236.131.194",
      "type": "string"
    },
    "jenkins_ssh_key": {
      "value": "-----BEGIN RSA PRIVATE KEY-----\nMIIEpAIBAAKCAQEAzWULR82NXUg/61my/lkLXI7//PnPcRVhr+bhlQQdNJ7p4TG7\nJLTrLc6c0HC0YleCSVoX1UDgEewAJGkDzQ2rUq1El1+ov39kLCewHkSQWO3IXwFz\ne4C+ELtO4zWNtOXG1+tOpahnEnDs2t3sQfTn1QE9R95tcEzlaNBWP9bjwLnFKcij\n/2cm6Wp07L/V6bHNJik7E7058uZGcZ3FQj8SLh7eWnjOlQGusNfCYgbeYVz69Co3\nMtd3dWEAXuI7T8K6cu7K3LJvEVJ9xAxEy4G440x5XCXm0r1DwDWOf5Chxm/sHQhX\nlZ7/bHWWLST9VLi+1NhASxqfYXuHTLSquZuhhwIDAQABAoIBAEkHcllXZroSJFgE\nDraM5pNEbRR/phhpJ9CpYO/hBJlfH31od0f3497npa4fRKPqxXJbTDoQ1RrKNMq9\nZBKWl6HP5aGE67UbEHz6p447hq937FSLaYoyHmJIlyYGNpppUKgZDF+uXueZqz2u\nxoA1GfEMfcN9/J9/V9pKqUANofE1+SofnenQYs7QMvpgW4HxizQMos2L9nSU8oSB\nywl55Pjs0bPQdoWkL9NVRU3nKdEE7bSV9AJfUUOSCQIMmnj4hI3pRGGS1S07nCak\nhEAAsV1WSqAvoqaht2Ry3lHPQ3wl8yw56/xdkFp08tP9qnbPsRXfLAWn3X+RO1bQ\nWfEZg0ECgYEA5Rzr1Ryvs4GNi4rxLJa7EHOjERxFMpTdyoXfnXeyLRr2DeFATWVk\ni4McQNFVI/hlnNAbfFQuDFI9SNlZR2pS6RurBPKOmSFdq/J62hegGT1y1OK+lMyK\n1vkwumB0aOYNk6/1tJkW9rLxmkpdJJvt+dtfKyLwilKyNS+DCKBI1tcCgYEA5X+S\nV+lZVhp3GBEnbljRoplB882D5NIepGDDoa4QX10vxc9ZvsBcJiZykqWVt2t2g4sL\ntpTi0HbLxvH+rMbAoyZ3USqMs5gDqGA/zTiVhK/7szZikK+7T/3nKE/qWkfslLz/\nCPT/84sHmzJ4D1cDalJCriQwSapz3DtX5pfCJNECgYEAmPbtMRR87gDh6rdx+44L\nCJnb1jGktXeUeIFW4YAnslucyXmI/+Ng9JAtjcz05hYSaVa78w8Uy18g0YFjTP3c\nqwuw65WxxOT08Dbs9KzvU8ql3yIfkaLaU1p9wQFi1yI5EFBbYB8RqNWh3pwlgaql\ngLqI2Hj0VbWOi1nURy8UUnMCgYEA5Dd3PMrE1vXcZmdwka/rT8kdp6dAOISmignb\noOTqTRrqzceDVEgPmrRzDNdyyYIoyWi1DiyCXJE11TGCcyf2Goe+8UzhvBo30PFd\noONa9CbYon87huvp1gMEIrdNsdeCMOq8ppiUCgjAWJnYgFCkCc+hlXBRQIArVN8C\na0GQg3ECgYAqsdmmXDEJ1UYXALhuS6Df8XwTMmBDnuhqt8y+JHj9AnQ7+eHTncqt\nhYfKBVSAlkz+kknLQotr4oNAZZqIvgbjWdmAZ6fvG+hnhmgQVXiwW9OwLeHkiYUL\nlYGLgfCEPX0rmEOri7ohwTTWFZNlzCmBFyoatPfsl+RmWjqDLU82Vw==\n-----END RSA PRIVATE KEY-----\n",
      "type": "string"
    },
    "jenkins_url": {
      "value": "http://18.236.131.194:8080",
      "type": "string"
    }
  },
  "resources": [
    {
      "mode": "data",
      "type": "aws_ami",
      "name": "ubuntu",
      "provider": "provider.aws",
      "instances": [
        {
          "schema_version": 0,
          "attributes": {
            "architecture": "x86_64",
            "arn": "arn:aws:ec2:us-west-2::image/ami-0ba8629bff503c084",
            "block_device_mappings": [
              {
                "device_name": "/dev/sda1",
                "ebs": {
                  "delete_on_termination": "true",
                  "encrypted": "false",
                  "iops": "0",
                  "snapshot_id": "snap-0a8fe11543619b688",
                  "volume_size": "8",
                  "volume_type": "gp2"
                },
                "no_device": "",
                "virtual_name": ""
              },
              {
                "device_name": "/dev/sdb",
                "ebs": {},
                "no_device": "",
                "virtual_name": "ephemeral0"
              },
              {
                "device_name": "/dev/sdc",
                "ebs": {},
                "no_device": "",
                "virtual_name": "ephemeral1"
              }
            ],
            "creation_date": "2020-08-18T17:27:03.000Z",
            "description": "Canonical, Ubuntu, 20.04 LTS, amd64 focal image build on 2020-08-17",
            "executable_users": null,
            "filter": [
              {
                "name": "name",
                "values": [
                  "ubuntu/images/hvm-ssd/ubuntu-focal-20.04-amd64-server-*"
                ]
              },
              {
                "name": "virtualization-type",
                "values": [
                  "hvm"
                ]
              }
            ],
            "hypervisor": "xen",
            "id": "ami-0ba8629bff503c084",
            "image_id": "ami-0ba8629bff503c084",
            "image_location": "099720109477/ubuntu/images/hvm-ssd/ubuntu-focal-20.04-amd64-server-20200817",
            "image_owner_alias": null,
            "image_type": "machine",
            "kernel_id": null,
            "most_recent": true,
            "name": "ubuntu/images/hvm-ssd/ubuntu-focal-20.04-amd64-server-20200817",
            "name_regex": null,
            "owner_id": "099720109477",
            "owners": [
              "099720109477"
            ],
            "platform": null,
            "product_codes": [],
            "public": true,
            "ramdisk_id": null,
            "root_device_name": "/dev/sda1",
            "root_device_type": "ebs",
            "root_snapshot_id": "snap-0a8fe11543619b688",
            "sriov_net_support": "simple",
            "state": "available",
            "state_reason": {
              "code": "UNSET",
              "message": "UNSET"
            },
            "tags": {},
            "virtualization_type": "hvm"
          }
        }
      ]
    },
    {
      "module": "module.vpc",
      "mode": "data",
      "type": "aws_iam_policy_document",
      "name": "flow_log_cloudwatch_assume_role",
      "each": "list",
      "provider": "provider.aws",
      "instances": []
    },
    {
      "module": "module.vpc",
      "mode": "data",
      "type": "aws_iam_policy_document",
      "name": "vpc_flow_log_cloudwatch",
      "each": "list",
      "provider": "provider.aws",
      "instances": []
    },
    {
      "module": "module.vpc",
      "mode": "data",
      "type": "aws_vpc_endpoint_service",
      "name": "access_analyzer",
      "each": "list",
      "provider": "provider.aws",
      "instances": []
    },
    {
      "module": "module.vpc",
      "mode": "data",
      "type": "aws_vpc_endpoint_service",
      "name": "acm_pca",
      "each": "list",
      "provider": "provider.aws",
      "instances": []
    },
    {
      "module": "module.vpc",
      "mode": "data",
      "type": "aws_vpc_endpoint_service",
      "name": "apigw",
      "each": "list",
      "provider": "provider.aws",
      "instances": []
    },
    {
      "module": "module.vpc",
      "mode": "data",
      "type": "aws_vpc_endpoint_service",
      "name": "appmesh_envoy_management",
      "each": "list",
      "provider": "provider.aws",
      "instances": []
    },
    {
      "module": "module.vpc",
      "mode": "data",
      "type": "aws_vpc_endpoint_service",
      "name": "appstream",
      "each": "list",
      "provider": "provider.aws",
      "instances": []
    },
    {
      "module": "module.vpc",
      "mode": "data",
      "type": "aws_vpc_endpoint_service",
      "name": "athena",
      "each": "list",
      "provider": "provider.aws",
      "instances": []
    },
    {
      "module": "module.vpc",
      "mode": "data",
      "type": "aws_vpc_endpoint_service",
      "name": "auto_scaling_plans",
      "each": "list",
      "provider": "provider.aws",
      "instances": []
    },
    {
      "module": "module.vpc",
      "mode": "data",
      "type": "aws_vpc_endpoint_service",
      "name": "cloud_directory",
      "each": "list",
      "provider": "provider.aws",
      "instances": []
    },
    {
      "module": "module.vpc",
      "mode": "data",
      "type": "aws_vpc_endpoint_service",
      "name": "cloudformation",
      "each": "list",
      "provider": "provider.aws",
      "instances": []
    },
    {
      "module": "module.vpc",
      "mode": "data",
      "type": "aws_vpc_endpoint_service",
      "name": "cloudtrail",
      "each": "list",
      "provider": "provider.aws",
      "instances": []
    },
    {
      "module": "module.vpc",
      "mode": "data",
      "type": "aws_vpc_endpoint_service",
      "name": "codebuild",
      "each": "list",
      "provider": "provider.aws",
      "instances": []
    },
    {
      "module": "module.vpc",
      "mode": "data",
      "type": "aws_vpc_endpoint_service",
      "name": "codecommit",
      "each": "list",
      "provider": "provider.aws",
      "instances": []
    },
    {
      "module": "module.vpc",
      "mode": "data",
      "type": "aws_vpc_endpoint_service",
      "name": "codepipeline",
      "each": "list",
      "provider": "provider.aws",
      "instances": []
    },
    {
      "module": "module.vpc",
      "mode": "data",
      "type": "aws_vpc_endpoint_service",
      "name": "config",
      "each": "list",
      "provider": "provider.aws",
      "instances": []
    },
    {
      "module": "module.vpc",
      "mode": "data",
      "type": "aws_vpc_endpoint_service",
      "name": "datasync",
      "each": "list",
      "provider": "provider.aws",
      "instances": []
    },
    {
      "module": "module.vpc",
      "mode": "data",
      "type": "aws_vpc_endpoint_service",
      "name": "dynamodb",
      "each": "list",
      "provider": "provider.aws",
      "instances": []
    },
    {
      "module": "module.vpc",
      "mode": "data",
      "type": "aws_vpc_endpoint_service",
      "name": "ebs",
      "each": "list",
      "provider": "provider.aws",
      "instances": []
    },
    {
      "module": "module.vpc",
      "mode": "data",
      "type": "aws_vpc_endpoint_service",
      "name": "ec2",
      "each": "list",
      "provider": "provider.aws",
      "instances": []
    },
    {
      "module": "module.vpc",
      "mode": "data",
      "type": "aws_vpc_endpoint_service",
      "name": "ec2_autoscaling",
      "each": "list",
      "provider": "provider.aws",
      "instances": []
    },
    {
      "module": "module.vpc",
      "mode": "data",
      "type": "aws_vpc_endpoint_service",
      "name": "ec2messages",
      "each": "list",
      "provider": "provider.aws",
      "instances": []
    },
    {
      "module": "module.vpc",
      "mode": "data",
      "type": "aws_vpc_endpoint_service",
      "name": "ecr_api",
      "each": "list",
      "provider": "provider.aws",
      "instances": []
    },
    {
      "module": "module.vpc",
      "mode": "data",
      "type": "aws_vpc_endpoint_service",
      "name": "ecr_dkr",
      "each": "list",
      "provider": "provider.aws",
      "instances": []
    },
    {
      "module": "module.vpc",
      "mode": "data",
      "type": "aws_vpc_endpoint_service",
      "name": "ecs",
      "each": "list",
      "provider": "provider.aws",
      "instances": []
    },
    {
      "module": "module.vpc",
      "mode": "data",
      "type": "aws_vpc_endpoint_service",
      "name": "ecs_agent",
      "each": "list",
      "provider": "provider.aws",
      "instances": []
    },
    {
      "module": "module.vpc",
      "mode": "data",
      "type": "aws_vpc_endpoint_service",
      "name": "ecs_telemetry",
      "each": "list",
      "provider": "provider.aws",
      "instances": []
    },
    {
      "module": "module.vpc",
      "mode": "data",
      "type": "aws_vpc_endpoint_service",
      "name": "efs",
      "each": "list",
      "provider": "provider.aws",
      "instances": []
    },
    {
      "module": "module.vpc",
      "mode": "data",
      "type": "aws_vpc_endpoint_service",
      "name": "elastic_inference_runtime",
      "each": "list",
      "provider": "provider.aws",
      "instances": []
    },
    {
      "module": "module.vpc",
      "mode": "data",
      "type": "aws_vpc_endpoint_service",
      "name": "elasticbeanstalk",
      "each": "list",
      "provider": "provider.aws",
      "instances": []
    },
    {
      "module": "module.vpc",
      "mode": "data",
      "type": "aws_vpc_endpoint_service",
      "name": "elasticbeanstalk_health",
      "each": "list",
      "provider": "provider.aws",
      "instances": []
    },
    {
      "module": "module.vpc",
      "mode": "data",
      "type": "aws_vpc_endpoint_service",
      "name": "elasticloadbalancing",
      "each": "list",
      "provider": "provider.aws",
      "instances": []
    },
    {
      "module": "module.vpc",
      "mode": "data",
      "type": "aws_vpc_endpoint_service",
      "name": "emr",
      "each": "list",
      "provider": "provider.aws",
      "instances": []
    },
    {
      "module": "module.vpc",
      "mode": "data",
      "type": "aws_vpc_endpoint_service",
      "name": "events",
      "each": "list",
      "provider": "provider.aws",
      "instances": []
    },
    {
      "module": "module.vpc",
      "mode": "data",
      "type": "aws_vpc_endpoint_service",
      "name": "git_codecommit",
      "each": "list",
      "provider": "provider.aws",
      "instances": []
    },
    {
      "module": "module.vpc",
      "mode": "data",
      "type": "aws_vpc_endpoint_service",
      "name": "glue",
      "each": "list",
      "provider": "provider.aws",
      "instances": []
    },
    {
      "module": "module.vpc",
      "mode": "data",
      "type": "aws_vpc_endpoint_service",
      "name": "kinesis_firehose",
      "each": "list",
      "provider": "provider.aws",
      "instances": []
    },
    {
      "module": "module.vpc",
      "mode": "data",
      "type": "aws_vpc_endpoint_service",
      "name": "kinesis_streams",
      "each": "list",
      "provider": "provider.aws",
      "instances": []
    },
    {
      "module": "module.vpc",
      "mode": "data",
      "type": "aws_vpc_endpoint_service",
      "name": "kms",
      "each": "list",
      "provider": "provider.aws",
      "instances": []
    },
    {
      "module": "module.vpc",
      "mode": "data",
      "type": "aws_vpc_endpoint_service",
      "name": "logs",
      "each": "list",
      "provider": "provider.aws",
      "instances": []
    },
    {
      "module": "module.vpc",
      "mode": "data",
      "type": "aws_vpc_endpoint_service",
      "name": "monitoring",
      "each": "list",
      "provider": "provider.aws",
      "instances": []
    },
    {
      "module": "module.vpc",
      "mode": "data",
      "type": "aws_vpc_endpoint_service",
      "name": "qldb_session",
      "each": "list",
      "provider": "provider.aws",
      "instances": []
    },
    {
      "module": "module.vpc",
      "mode": "data",
      "type": "aws_vpc_endpoint_service",
      "name": "rekognition",
      "each": "list",
      "provider": "provider.aws",
      "instances": []
    },
    {
      "module": "module.vpc",
      "mode": "data",
      "type": "aws_vpc_endpoint_service",
      "name": "s3",
      "each": "list",
      "provider": "provider.aws",
      "instances": []
    },
    {
      "module": "module.vpc",
      "mode": "data",
      "type": "aws_vpc_endpoint_service",
      "name": "sagemaker_api",
      "each": "list",
      "provider": "provider.aws",
      "instances": []
    },
    {
      "module": "module.vpc",
      "mode": "data",
      "type": "aws_vpc_endpoint_service",
      "name": "sagemaker_notebook",
      "each": "list",
      "provider": "provider.aws",
      "instances": []
    },
    {
      "module": "module.vpc",
      "mode": "data",
      "type": "aws_vpc_endpoint_service",
      "name": "sagemaker_runtime",
      "each": "list",
      "provider": "provider.aws",
      "instances": []
    },
    {
      "module": "module.vpc",
      "mode": "data",
      "type": "aws_vpc_endpoint_service",
      "name": "secretsmanager",
      "each": "list",
      "provider": "provider.aws",
      "instances": []
    },
    {
      "module": "module.vpc",
      "mode": "data",
      "type": "aws_vpc_endpoint_service",
      "name": "servicecatalog",
      "each": "list",
      "provider": "provider.aws",
      "instances": []
    },
    {
      "module": "module.vpc",
      "mode": "data",
      "type": "aws_vpc_endpoint_service",
      "name": "ses",
      "each": "list",
      "provider": "provider.aws",
      "instances": []
    },
    {
      "module": "module.vpc",
      "mode": "data",
      "type": "aws_vpc_endpoint_service",
      "name": "sms",
      "each": "list",
      "provider": "provider.aws",
      "instances": []
    },
    {
      "module": "module.vpc",
      "mode": "data",
      "type": "aws_vpc_endpoint_service",
      "name": "sns",
      "each": "list",
      "provider": "provider.aws",
      "instances": []
    },
    {
      "module": "module.vpc",
      "mode": "data",
      "type": "aws_vpc_endpoint_service",
      "name": "sqs",
      "each": "list",
      "provider": "provider.aws",
      "instances": []
    },
    {
      "module": "module.vpc",
      "mode": "data",
      "type": "aws_vpc_endpoint_service",
      "name": "ssm",
      "each": "list",
      "provider": "provider.aws",
      "instances": []
    },
    {
      "module": "module.vpc",
      "mode": "data",
      "type": "aws_vpc_endpoint_service",
      "name": "ssmmessages",
      "each": "list",
      "provider": "provider.aws",
      "instances": []
    },
    {
      "module": "module.vpc",
      "mode": "data",
      "type": "aws_vpc_endpoint_service",
      "name": "states",
      "each": "list",
      "provider": "provider.aws",
      "instances": []
    },
    {
      "module": "module.vpc",
      "mode": "data",
      "type": "aws_vpc_endpoint_service",
      "name": "storagegateway",
      "each": "list",
      "provider": "provider.aws",
      "instances": []
    },
    {
      "module": "module.vpc",
      "mode": "data",
      "type": "aws_vpc_endpoint_service",
      "name": "sts",
      "each": "list",
      "provider": "provider.aws",
      "instances": []
    },
    {
      "module": "module.vpc",
      "mode": "data",
      "type": "aws_vpc_endpoint_service",
      "name": "transfer",
      "each": "list",
      "provider": "provider.aws",
      "instances": []
    },
    {
      "module": "module.vpc",
      "mode": "data",
      "type": "aws_vpc_endpoint_service",
      "name": "transferserver",
      "each": "list",
      "provider": "provider.aws",
      "instances": []
    },
    {
      "module": "module.vpc",
      "mode": "data",
      "type": "aws_vpc_endpoint_service",
      "name": "workspaces",
      "each": "list",
      "provider": "provider.aws",
      "instances": []
    },
    {
      "module": "module.vpc",
      "mode": "managed",
      "type": "aws_cloudwatch_log_group",
      "name": "flow_log",
      "each": "list",
      "provider": "provider.aws",
      "instances": []
    },
    {
      "module": "module.vpc",
      "mode": "managed",
      "type": "aws_customer_gateway",
      "name": "this",
      "each": "map",
      "provider": "provider.aws",
      "instances": []
    },
    {
      "module": "module.vpc",
      "mode": "managed",
      "type": "aws_db_subnet_group",
      "name": "database",
      "each": "list",
      "provider": "provider.aws",
      "instances": []
    },
    {
      "module": "module.vpc",
      "mode": "managed",
      "type": "aws_default_network_acl",
      "name": "this",
      "each": "list",
      "provider": "provider.aws",
      "instances": []
    },
    {
      "module": "module.vpc",
      "mode": "managed",
      "type": "aws_default_security_group",
      "name": "this",
      "each": "list",
      "provider": "provider.aws",
      "instances": []
    },
    {
      "module": "module.vpc",
      "mode": "managed",
      "type": "aws_default_vpc",
      "name": "this",
      "each": "list",
      "provider": "provider.aws",
      "instances": []
    },
    {
      "module": "module.vpc",
      "mode": "managed",
      "type": "aws_egress_only_internet_gateway",
      "name": "this",
      "each": "list",
      "provider": "provider.aws",
      "instances": []
    },
    {
      "module": "module.vpc",
      "mode": "managed",
      "type": "aws_eip",
      "name": "nat",
      "each": "list",
      "provider": "provider.aws",
      "instances": []
    },
    {
      "module": "module.vpc",
      "mode": "managed",
      "type": "aws_elasticache_subnet_group",
      "name": "elasticache",
      "each": "list",
      "provider": "provider.aws",
      "instances": []
    },
    {
      "module": "module.vpc",
      "mode": "managed",
      "type": "aws_flow_log",
      "name": "this",
      "each": "list",
      "provider": "provider.aws",
      "instances": []
    },
    {
      "module": "module.vpc",
      "mode": "managed",
      "type": "aws_iam_policy",
      "name": "vpc_flow_log_cloudwatch",
      "each": "list",
      "provider": "provider.aws",
      "instances": []
    },
    {
      "module": "module.vpc",
      "mode": "managed",
      "type": "aws_iam_role",
      "name": "vpc_flow_log_cloudwatch",
      "each": "list",
      "provider": "provider.aws",
      "instances": []
    },
    {
      "module": "module.vpc",
      "mode": "managed",
      "type": "aws_iam_role_policy_attachment",
      "name": "vpc_flow_log_cloudwatch",
      "each": "list",
      "provider": "provider.aws",
      "instances": []
    },
    {
      "mode": "managed",
      "type": "aws_instance",
      "name": "jenkins",
      "provider": "provider.aws",
      "instances": [
        {
          "schema_version": 1,
          "attributes": {
            "ami": "ami-0ba8629bff503c084",
            "arn": "arn:aws:ec2:us-west-2:033266969311:instance/i-0539ca979e44da5da",
            "associate_public_ip_address": true,
            "availability_zone": "us-west-2a",
            "cpu_core_count": 1,
            "cpu_threads_per_core": 2,
            "credit_specification": [
              {
                "cpu_credits": "unlimited"
              }
            ],
            "disable_api_termination": false,
            "ebs_block_device": [],
            "ebs_optimized": false,
            "ephemeral_block_device": [],
            "get_password_data": false,
            "hibernation": false,
            "host_id": null,
            "iam_instance_profile": "",
            "id": "i-0539ca979e44da5da",
            "instance_initiated_shutdown_behavior": null,
            "instance_state": "running",
            "instance_type": "t3.small",
            "ipv6_address_count": 0,
            "ipv6_addresses": [],
            "key_name": "jenkins",
            "metadata_options": [
              {
                "http_endpoint": "enabled",
                "http_put_response_hop_limit": 1,
                "http_tokens": "optional"
              }
            ],
            "monitoring": false,
            "network_interface": [],
            "outpost_arn": "",
            "password_data": "",
            "placement_group": "",
            "primary_network_interface_id": "eni-025cfa00245bde4d4",
            "private_dns": "ip-10-0-101-62.us-west-2.compute.internal",
            "private_ip": "10.0.101.62",
            "public_dns": "",
            "public_ip": "18.236.131.194",
            "root_block_device": [
              {
                "delete_on_termination": true,
                "device_name": "/dev/sda1",
                "encrypted": false,
                "iops": 100,
                "kms_key_id": "",
                "volume_id": "vol-0f4b8eda9f1c0659b",
                "volume_size": 8,
                "volume_type": "gp2"
              }
            ],
            "secondary_private_ips": [],
            "security_groups": [],
            "source_dest_check": true,
            "subnet_id": "subnet-03d79952a64fb11ee",
            "tags": {
              "Name": "udacity-devops-project-3-jenkins"
            },
            "tenancy": "default",
            "timeouts": null,
            "user_data": "c0717853f1983e6e3d4bf1dc30c0844645eb072c",
            "user_data_base64": null,
            "volume_tags": {},
            "vpc_security_group_ids": [
              "sg-02ab218fcb19d47a2"
            ]
          },
          "private": "eyJlMmJmYjczMC1lY2FhLTExZTYtOGY4OC0zNDM2M2JjN2M0YzAiOnsiY3JlYXRlIjo2MDAwMDAwMDAwMDAsImRlbGV0ZSI6MTIwMDAwMDAwMDAwMCwidXBkYXRlIjo2MDAwMDAwMDAwMDB9LCJzY2hlbWFfdmVyc2lvbiI6IjEifQ==",
          "dependencies": [
            "aws_key_pair.jenkins",
            "aws_security_group.jenkins",
            "module.vpc.aws_subnet.public"
          ]
        }
      ]
    },
    {
      "module": "module.vpc",
      "mode": "managed",
      "type": "aws_internet_gateway",
      "name": "this",
      "each": "list",
      "provider": "provider.aws",
      "instances": [
        {
          "index_key": 0,
          "schema_version": 0,
          "attributes": {
            "arn": "arn:aws:ec2:us-west-2:033266969311:internet-gateway/igw-03e4e794e5ae349b5",
            "id": "igw-03e4e794e5ae349b5",
            "owner_id": "033266969311",
            "tags": {
              "Name": "udacity-devops-project-3"
            },
            "vpc_id": "vpc-0c60e518600e04903"
          },
          "private": "bnVsbA==",
          "dependencies": [
            "module.vpc.aws_vpc.this",
            "module.vpc.aws_vpc_ipv4_cidr_block_association.this"
          ]
        }
      ]
    },
    {
      "mode": "managed",
      "type": "aws_key_pair",
      "name": "jenkins",
      "provider": "provider.aws",
      "instances": [
        {
          "schema_version": 1,
          "attributes": {
            "arn": "arn:aws:ec2:us-west-2:033266969311:key-pair/jenkins",
            "fingerprint": "be:d8:d1:5c:b8:77:5d:db:a9:55:6e:41:58:35:77:bf",
            "id": "jenkins",
            "key_name": "jenkins",
            "key_name_prefix": null,
            "key_pair_id": "key-05becfc650b0b6e32",
            "public_key": "ssh-rsa AAAAB3NzaC1yc2EAAAADAQABAAABAQDNZQtHzY1dSD/rWbL+WQtcjv/8+c9xFWGv5uGVBB00nunhMbsktOstzpzQcLRiV4JJWhfVQOAR7AAkaQPNDatSrUSXX6i/f2QsJ7AeRJBY7chfAXN7gL4Qu07jNY205cbX606lqGcScOza3exB9OfVAT1H3m1wTOVo0FY/1uPAucUpyKP/ZybpanTsv9Xpsc0mKTsTvTny5kZxncVCPxIuHt5aeM6VAa6w18JiBt5hXPr0Kjcy13d1YQBe4jtPwrpy7srcsm8RUn3EDETLgbjjTHlcJebSvUPANY5/kKHGb+wdCFeVnv9sdZYtJP1UuL7U2EBLGp9he4dMtKq5m6GH",
            "tags": {}
          },
          "private": "eyJzY2hlbWFfdmVyc2lvbiI6IjEifQ==",
          "dependencies": [
            "tls_private_key.ssh_key"
          ]
        }
      ]
    },
    {
      "module": "module.vpc",
      "mode": "managed",
      "type": "aws_nat_gateway",
      "name": "this",
      "each": "list",
      "provider": "provider.aws",
      "instances": []
    },
    {
      "module": "module.vpc",
      "mode": "managed",
      "type": "aws_network_acl",
      "name": "database",
      "each": "list",
      "provider": "provider.aws",
      "instances": []
    },
    {
      "module": "module.vpc",
      "mode": "managed",
      "type": "aws_network_acl",
      "name": "elasticache",
      "each": "list",
      "provider": "provider.aws",
      "instances": []
    },
    {
      "module": "module.vpc",
      "mode": "managed",
      "type": "aws_network_acl",
      "name": "intra",
      "each": "list",
      "provider": "provider.aws",
      "instances": []
    },
    {
      "module": "module.vpc",
      "mode": "managed",
      "type": "aws_network_acl",
      "name": "private",
      "each": "list",
      "provider": "provider.aws",
      "instances": []
    },
    {
      "module": "module.vpc",
      "mode": "managed",
      "type": "aws_network_acl",
      "name": "public",
      "each": "list",
      "provider": "provider.aws",
      "instances": []
    },
    {
      "module": "module.vpc",
      "mode": "managed",
      "type": "aws_network_acl",
      "name": "redshift",
      "each": "list",
      "provider": "provider.aws",
      "instances": []
    },
    {
      "module": "module.vpc",
      "mode": "managed",
      "type": "aws_network_acl_rule",
      "name": "database_inbound",
      "each": "list",
      "provider": "provider.aws",
      "instances": []
    },
    {
      "module": "module.vpc",
      "mode": "managed",
      "type": "aws_network_acl_rule",
      "name": "database_outbound",
      "each": "list",
      "provider": "provider.aws",
      "instances": []
    },
    {
      "module": "module.vpc",
      "mode": "managed",
      "type": "aws_network_acl_rule",
      "name": "elasticache_inbound",
      "each": "list",
      "provider": "provider.aws",
      "instances": []
    },
    {
      "module": "module.vpc",
      "mode": "managed",
      "type": "aws_network_acl_rule",
      "name": "elasticache_outbound",
      "each": "list",
      "provider": "provider.aws",
      "instances": []
    },
    {
      "module": "module.vpc",
      "mode": "managed",
      "type": "aws_network_acl_rule",
      "name": "intra_inbound",
      "each": "list",
      "provider": "provider.aws",
      "instances": []
    },
    {
      "module": "module.vpc",
      "mode": "managed",
      "type": "aws_network_acl_rule",
      "name": "intra_outbound",
      "each": "list",
      "provider": "provider.aws",
      "instances": []
    },
    {
      "module": "module.vpc",
      "mode": "managed",
      "type": "aws_network_acl_rule",
      "name": "private_inbound",
      "each": "list",
      "provider": "provider.aws",
      "instances": []
    },
    {
      "module": "module.vpc",
      "mode": "managed",
      "type": "aws_network_acl_rule",
      "name": "private_outbound",
      "each": "list",
      "provider": "provider.aws",
      "instances": []
    },
    {
      "module": "module.vpc",
      "mode": "managed",
      "type": "aws_network_acl_rule",
      "name": "public_inbound",
      "each": "list",
      "provider": "provider.aws",
      "instances": []
    },
    {
      "module": "module.vpc",
      "mode": "managed",
      "type": "aws_network_acl_rule",
      "name": "public_outbound",
      "each": "list",
      "provider": "provider.aws",
      "instances": []
    },
    {
      "module": "module.vpc",
      "mode": "managed",
      "type": "aws_network_acl_rule",
      "name": "redshift_inbound",
      "each": "list",
      "provider": "provider.aws",
      "instances": []
    },
    {
      "module": "module.vpc",
      "mode": "managed",
      "type": "aws_network_acl_rule",
      "name": "redshift_outbound",
      "each": "list",
      "provider": "provider.aws",
      "instances": []
    },
    {
      "module": "module.vpc",
      "mode": "managed",
      "type": "aws_redshift_subnet_group",
      "name": "redshift",
      "each": "list",
      "provider": "provider.aws",
      "instances": []
    },
    {
      "module": "module.vpc",
      "mode": "managed",
      "type": "aws_route",
      "name": "database_internet_gateway",
      "each": "list",
      "provider": "provider.aws",
      "instances": []
    },
    {
      "module": "module.vpc",
      "mode": "managed",
      "type": "aws_route",
      "name": "database_ipv6_egress",
      "each": "list",
      "provider": "provider.aws",
      "instances": []
    },
    {
      "module": "module.vpc",
      "mode": "managed",
      "type": "aws_route",
      "name": "database_nat_gateway",
      "each": "list",
      "provider": "provider.aws",
      "instances": []
    },
    {
      "module": "module.vpc",
      "mode": "managed",
      "type": "aws_route",
      "name": "private_ipv6_egress",
      "each": "list",
      "provider": "provider.aws",
      "instances": []
    },
    {
      "module": "module.vpc",
      "mode": "managed",
      "type": "aws_route",
      "name": "private_nat_gateway",
      "each": "list",
      "provider": "provider.aws",
      "instances": []
    },
    {
      "module": "module.vpc",
      "mode": "managed",
      "type": "aws_route",
      "name": "public_internet_gateway",
      "each": "list",
      "provider": "provider.aws",
      "instances": [
        {
          "index_key": 0,
          "schema_version": 0,
          "attributes": {
            "destination_cidr_block": "0.0.0.0/0",
            "destination_ipv6_cidr_block": "",
            "destination_prefix_list_id": "",
            "egress_only_gateway_id": "",
            "gateway_id": "igw-03e4e794e5ae349b5",
            "id": "r-rtb-0d1c7094064e31a071080289494",
            "instance_id": "",
            "instance_owner_id": "",
            "nat_gateway_id": "",
            "network_interface_id": "",
            "origin": "CreateRoute",
            "route_table_id": "rtb-0d1c7094064e31a07",
            "state": "active",
            "timeouts": {
              "create": "5m",
              "delete": null
            },
            "transit_gateway_id": "",
            "vpc_peering_connection_id": ""
          },
          "private": "eyJlMmJmYjczMC1lY2FhLTExZTYtOGY4OC0zNDM2M2JjN2M0YzAiOnsiY3JlYXRlIjozMDAwMDAwMDAwMDAsImRlbGV0ZSI6MzAwMDAwMDAwMDAwfX0=",
          "dependencies": [
            "module.vpc.aws_internet_gateway.this",
            "module.vpc.aws_route_table.public",
            "module.vpc.aws_vpc.this",
            "module.vpc.aws_vpc_ipv4_cidr_block_association.this"
          ]
        }
      ]
    },
    {
      "module": "module.vpc",
      "mode": "managed",
      "type": "aws_route",
      "name": "public_internet_gateway_ipv6",
      "each": "list",
      "provider": "provider.aws",
      "instances": [
        {
          "index_key": 0,
          "schema_version": 0,
          "attributes": {
            "destination_cidr_block": "",
            "destination_ipv6_cidr_block": "::/0",
            "destination_prefix_list_id": "",
            "egress_only_gateway_id": "",
            "gateway_id": "igw-03e4e794e5ae349b5",
            "id": "r-rtb-0d1c7094064e31a072750132062",
            "instance_id": "",
            "instance_owner_id": "",
            "nat_gateway_id": "",
            "network_interface_id": "",
            "origin": "CreateRoute",
            "route_table_id": "rtb-0d1c7094064e31a07",
            "state": "active",
            "timeouts": null,
            "transit_gateway_id": "",
            "vpc_peering_connection_id": ""
          },
          "private": "eyJlMmJmYjczMC1lY2FhLTExZTYtOGY4OC0zNDM2M2JjN2M0YzAiOnsiY3JlYXRlIjoxMjAwMDAwMDAwMDAsImRlbGV0ZSI6MzAwMDAwMDAwMDAwfX0=",
          "dependencies": [
            "module.vpc.aws_internet_gateway.this",
            "module.vpc.aws_route_table.public",
            "module.vpc.aws_vpc.this",
            "module.vpc.aws_vpc_ipv4_cidr_block_association.this"
          ]
        }
      ]
    },
    {
      "module": "module.vpc",
      "mode": "managed",
      "type": "aws_route_table",
      "name": "database",
      "each": "list",
      "provider": "provider.aws",
      "instances": []
    },
    {
      "module": "module.vpc",
      "mode": "managed",
      "type": "aws_route_table",
      "name": "elasticache",
      "each": "list",
      "provider": "provider.aws",
      "instances": []
    },
    {
      "module": "module.vpc",
      "mode": "managed",
      "type": "aws_route_table",
      "name": "intra",
      "each": "list",
      "provider": "provider.aws",
      "instances": []
    },
    {
      "module": "module.vpc",
      "mode": "managed",
      "type": "aws_route_table",
      "name": "private",
      "each": "list",
      "provider": "provider.aws",
      "instances": []
    },
    {
      "module": "module.vpc",
      "mode": "managed",
      "type": "aws_route_table",
      "name": "public",
      "each": "list",
      "provider": "provider.aws",
      "instances": [
        {
          "index_key": 0,
          "schema_version": 0,
          "attributes": {
            "id": "rtb-0d1c7094064e31a07",
            "owner_id": "033266969311",
            "propagating_vgws": [],
            "route": [
              {
                "cidr_block": "",
                "egress_only_gateway_id": "",
                "gateway_id": "igw-03e4e794e5ae349b5",
                "instance_id": "",
                "ipv6_cidr_block": "::/0",
                "nat_gateway_id": "",
                "network_interface_id": "",
                "transit_gateway_id": "",
                "vpc_peering_connection_id": ""
              },
              {
                "cidr_block": "0.0.0.0/0",
                "egress_only_gateway_id": "",
                "gateway_id": "igw-03e4e794e5ae349b5",
                "instance_id": "",
                "ipv6_cidr_block": "",
                "nat_gateway_id": "",
                "network_interface_id": "",
                "transit_gateway_id": "",
                "vpc_peering_connection_id": ""
              }
            ],
            "tags": {
              "Name": "udacity-devops-project-3"
            },
            "vpc_id": "vpc-0c60e518600e04903"
          },
          "private": "bnVsbA==",
          "dependencies": [
            "module.vpc.aws_vpc.this",
            "module.vpc.aws_vpc_ipv4_cidr_block_association.this"
          ]
        }
      ]
    },
    {
      "module": "module.vpc",
      "mode": "managed",
      "type": "aws_route_table",
      "name": "redshift",
      "each": "list",
      "provider": "provider.aws",
      "instances": []
    },
    {
      "module": "module.vpc",
      "mode": "managed",
      "type": "aws_route_table_association",
      "name": "database",
      "each": "list",
      "provider": "provider.aws",
      "instances": []
    },
    {
      "module": "module.vpc",
      "mode": "managed",
      "type": "aws_route_table_association",
      "name": "elasticache",
      "each": "list",
      "provider": "provider.aws",
      "instances": []
    },
    {
      "module": "module.vpc",
      "mode": "managed",
      "type": "aws_route_table_association",
      "name": "intra",
      "each": "list",
      "provider": "provider.aws",
      "instances": []
    },
    {
      "module": "module.vpc",
      "mode": "managed",
      "type": "aws_route_table_association",
      "name": "private",
      "each": "list",
      "provider": "provider.aws",
      "instances": []
    },
    {
      "module": "module.vpc",
      "mode": "managed",
      "type": "aws_route_table_association",
      "name": "public",
      "each": "list",
      "provider": "provider.aws",
      "instances": [
        {
          "index_key": 0,
          "schema_version": 0,
          "attributes": {
            "gateway_id": null,
            "id": "rtbassoc-0e06514d32a34b234",
            "route_table_id": "rtb-0d1c7094064e31a07",
            "subnet_id": "subnet-03d79952a64fb11ee"
          },
          "private": "bnVsbA==",
          "dependencies": [
            "module.vpc.aws_route_table.public",
            "module.vpc.aws_subnet.public",
            "module.vpc.aws_vpc.this",
            "module.vpc.aws_vpc_ipv4_cidr_block_association.this"
          ]
        }
      ]
    },
    {
      "module": "module.vpc",
      "mode": "managed",
      "type": "aws_route_table_association",
      "name": "redshift",
      "each": "list",
      "provider": "provider.aws",
      "instances": []
    },
    {
      "module": "module.vpc",
      "mode": "managed",
      "type": "aws_route_table_association",
      "name": "redshift_public",
      "each": "list",
      "provider": "provider.aws",
      "instances": []
    },
    {
      "mode": "managed",
      "type": "aws_security_group",
      "name": "jenkins",
      "provider": "provider.aws",
      "instances": [
        {
          "schema_version": 1,
          "attributes": {
            "arn": "arn:aws:ec2:us-west-2:033266969311:security-group/sg-02ab218fcb19d47a2",
            "description": "Managed by Terraform",
            "egress": [
              {
                "cidr_blocks": [
                  "0.0.0.0/0"
                ],
                "description": "",
                "from_port": 0,
                "ipv6_cidr_blocks": [],
                "prefix_list_ids": [],
                "protocol": "-1",
                "security_groups": [],
                "self": false,
                "to_port": 0
              }
            ],
            "id": "sg-02ab218fcb19d47a2",
            "ingress": [
              {
                "cidr_blocks": [
                  "67.232.195.158/32"
                ],
                "description": "",
                "from_port": 22,
                "ipv6_cidr_blocks": [],
                "prefix_list_ids": [],
                "protocol": "tcp",
                "security_groups": [],
                "self": false,
                "to_port": 22
              },
              {
                "cidr_blocks": [
                  "67.232.195.158/32"
                ],
                "description": "",
                "from_port": 8080,
                "ipv6_cidr_blocks": [],
                "prefix_list_ids": [],
                "protocol": "tcp",
                "security_groups": [],
                "self": false,
                "to_port": 8080
              }
            ],
            "name": "udacity-devops-project-3-jenkins",
            "name_prefix": "",
            "owner_id": "033266969311",
            "revoke_rules_on_delete": false,
            "tags": {
              "Name": "udacity-devops-project-3"
            },
            "timeouts": null,
            "vpc_id": "vpc-0c60e518600e04903"
          },
          "private": "eyJlMmJmYjczMC1lY2FhLTExZTYtOGY4OC0zNDM2M2JjN2M0YzAiOnsiY3JlYXRlIjo2MDAwMDAwMDAwMDAsImRlbGV0ZSI6NjAwMDAwMDAwMDAwfSwic2NoZW1hX3ZlcnNpb24iOiIxIn0=",
          "dependencies": [
            "module.vpc.aws_vpc.this"
          ]
        }
      ]
    },
    {
      "module": "module.vpc",
      "mode": "managed",
      "type": "aws_subnet",
      "name": "database",
      "each": "list",
      "provider": "provider.aws",
      "instances": []
    },
    {
      "module": "module.vpc",
      "mode": "managed",
      "type": "aws_subnet",
      "name": "elasticache",
      "each": "list",
      "provider": "provider.aws",
      "instances": []
    },
    {
      "module": "module.vpc",
      "mode": "managed",
      "type": "aws_subnet",
      "name": "intra",
      "each": "list",
      "provider": "provider.aws",
      "instances": []
    },
    {
      "module": "module.vpc",
      "mode": "managed",
      "type": "aws_subnet",
      "name": "private",
      "each": "list",
      "provider": "provider.aws",
      "instances": []
    },
    {
      "module": "module.vpc",
      "mode": "managed",
      "type": "aws_subnet",
      "name": "public",
      "each": "list",
      "provider": "provider.aws",
      "instances": [
        {
          "index_key": 0,
          "schema_version": 1,
          "attributes": {
            "arn": "arn:aws:ec2:us-west-2:033266969311:subnet/subnet-03d79952a64fb11ee",
            "assign_ipv6_address_on_creation": false,
            "availability_zone": "us-west-2a",
            "availability_zone_id": "usw2-az1",
            "cidr_block": "10.0.101.0/24",
            "id": "subnet-03d79952a64fb11ee",
            "ipv6_cidr_block": "",
            "ipv6_cidr_block_association_id": "",
            "map_public_ip_on_launch": true,
            "outpost_arn": "",
            "owner_id": "033266969311",
            "tags": {
              "Name": "udacity-devops-project-3"
            },
            "timeouts": null,
            "vpc_id": "vpc-0c60e518600e04903"
          },
          "private": "eyJlMmJmYjczMC1lY2FhLTExZTYtOGY4OC0zNDM2M2JjN2M0YzAiOnsiY3JlYXRlIjo2MDAwMDAwMDAwMDAsImRlbGV0ZSI6MTIwMDAwMDAwMDAwMH0sInNjaGVtYV92ZXJzaW9uIjoiMSJ9",
          "dependencies": [
            "module.vpc.aws_vpc.this",
            "module.vpc.aws_vpc_ipv4_cidr_block_association.this"
          ]
        }
      ]
    },
    {
      "module": "module.vpc",
      "mode": "managed",
      "type": "aws_subnet",
      "name": "redshift",
      "each": "list",
      "provider": "provider.aws",
      "instances": []
    },
    {
      "module": "module.vpc",
      "mode": "managed",
      "type": "aws_vpc",
      "name": "this",
      "each": "list",
      "provider": "provider.aws",
      "instances": [
        {
          "index_key": 0,
          "schema_version": 1,
          "attributes": {
            "arn": "arn:aws:ec2:us-west-2:033266969311:vpc/vpc-0c60e518600e04903",
            "assign_generated_ipv6_cidr_block": true,
            "cidr_block": "10.0.0.0/16",
            "default_network_acl_id": "acl-0f7b589712d784ea5",
            "default_route_table_id": "rtb-063d4404257ec85a3",
            "default_security_group_id": "sg-05f40130e0e6896d3",
            "dhcp_options_id": "dopt-06802f4640a9adddf",
            "enable_classiclink": false,
            "enable_classiclink_dns_support": false,
            "enable_dns_hostnames": false,
            "enable_dns_support": true,
            "id": "vpc-0c60e518600e04903",
            "instance_tenancy": "default",
            "ipv6_association_id": "vpc-cidr-assoc-01d3a40dc82f26ace",
            "ipv6_cidr_block": "2600:1f14:729:a100::/56",
            "main_route_table_id": "rtb-063d4404257ec85a3",
            "owner_id": "033266969311",
            "tags": {
              "Name": "udacity-devops-project-3"
            }
          },
          "private": "eyJzY2hlbWFfdmVyc2lvbiI6IjEifQ=="
        }
      ]
    },
    {
      "module": "module.vpc",
      "mode": "managed",
      "type": "aws_vpc_dhcp_options",
      "name": "this",
      "each": "list",
      "provider": "provider.aws",
      "instances": []
    },
    {
      "module": "module.vpc",
      "mode": "managed",
      "type": "aws_vpc_dhcp_options_association",
      "name": "this",
      "each": "list",
      "provider": "provider.aws",
      "instances": []
    },
    {
      "module": "module.vpc",
      "mode": "managed",
      "type": "aws_vpc_endpoint",
      "name": "access_analyzer",
      "each": "list",
      "provider": "provider.aws",
      "instances": []
    },
    {
      "module": "module.vpc",
      "mode": "managed",
      "type": "aws_vpc_endpoint",
      "name": "acm_pca",
      "each": "list",
      "provider": "provider.aws",
      "instances": []
    },
    {
      "module": "module.vpc",
      "mode": "managed",
      "type": "aws_vpc_endpoint",
      "name": "apigw",
      "each": "list",
      "provider": "provider.aws",
      "instances": []
    },
    {
      "module": "module.vpc",
      "mode": "managed",
      "type": "aws_vpc_endpoint",
      "name": "appmesh_envoy_management",
      "each": "list",
      "provider": "provider.aws",
      "instances": []
    },
    {
      "module": "module.vpc",
      "mode": "managed",
      "type": "aws_vpc_endpoint",
      "name": "appstream",
      "each": "list",
      "provider": "provider.aws",
      "instances": []
    },
    {
      "module": "module.vpc",
      "mode": "managed",
      "type": "aws_vpc_endpoint",
      "name": "athena",
      "each": "list",
      "provider": "provider.aws",
      "instances": []
    },
    {
      "module": "module.vpc",
      "mode": "managed",
      "type": "aws_vpc_endpoint",
      "name": "auto_scaling_plans",
      "each": "list",
      "provider": "provider.aws",
      "instances": []
    },
    {
      "module": "module.vpc",
      "mode": "managed",
      "type": "aws_vpc_endpoint",
      "name": "cloud_directory",
      "each": "list",
      "provider": "provider.aws",
      "instances": []
    },
    {
      "module": "module.vpc",
      "mode": "managed",
      "type": "aws_vpc_endpoint",
      "name": "cloudformation",
      "each": "list",
      "provider": "provider.aws",
      "instances": []
    },
    {
      "module": "module.vpc",
      "mode": "managed",
      "type": "aws_vpc_endpoint",
      "name": "cloudtrail",
      "each": "list",
      "provider": "provider.aws",
      "instances": []
    },
    {
      "module": "module.vpc",
      "mode": "managed",
      "type": "aws_vpc_endpoint",
      "name": "codebuild",
      "each": "list",
      "provider": "provider.aws",
      "instances": []
    },
    {
      "module": "module.vpc",
      "mode": "managed",
      "type": "aws_vpc_endpoint",
      "name": "codecommit",
      "each": "list",
      "provider": "provider.aws",
      "instances": []
    },
    {
      "module": "module.vpc",
      "mode": "managed",
      "type": "aws_vpc_endpoint",
      "name": "codepipeline",
      "each": "list",
      "provider": "provider.aws",
      "instances": []
    },
    {
      "module": "module.vpc",
      "mode": "managed",
      "type": "aws_vpc_endpoint",
      "name": "config",
      "each": "list",
      "provider": "provider.aws",
      "instances": []
    },
    {
      "module": "module.vpc",
      "mode": "managed",
      "type": "aws_vpc_endpoint",
      "name": "datasync",
      "each": "list",
      "provider": "provider.aws",
      "instances": []
    },
    {
      "module": "module.vpc",
      "mode": "managed",
      "type": "aws_vpc_endpoint",
      "name": "dynamodb",
      "each": "list",
      "provider": "provider.aws",
      "instances": []
    },
    {
      "module": "module.vpc",
      "mode": "managed",
      "type": "aws_vpc_endpoint",
      "name": "ebs",
      "each": "list",
      "provider": "provider.aws",
      "instances": []
    },
    {
      "module": "module.vpc",
      "mode": "managed",
      "type": "aws_vpc_endpoint",
      "name": "ec2",
      "each": "list",
      "provider": "provider.aws",
      "instances": []
    },
    {
      "module": "module.vpc",
      "mode": "managed",
      "type": "aws_vpc_endpoint",
      "name": "ec2_autoscaling",
      "each": "list",
      "provider": "provider.aws",
      "instances": []
    },
    {
      "module": "module.vpc",
      "mode": "managed",
      "type": "aws_vpc_endpoint",
      "name": "ec2messages",
      "each": "list",
      "provider": "provider.aws",
      "instances": []
    },
    {
      "module": "module.vpc",
      "mode": "managed",
      "type": "aws_vpc_endpoint",
      "name": "ecr_api",
      "each": "list",
      "provider": "provider.aws",
      "instances": []
    },
    {
      "module": "module.vpc",
      "mode": "managed",
      "type": "aws_vpc_endpoint",
      "name": "ecr_dkr",
      "each": "list",
      "provider": "provider.aws",
      "instances": []
    },
    {
      "module": "module.vpc",
      "mode": "managed",
      "type": "aws_vpc_endpoint",
      "name": "ecs",
      "each": "list",
      "provider": "provider.aws",
      "instances": []
    },
    {
      "module": "module.vpc",
      "mode": "managed",
      "type": "aws_vpc_endpoint",
      "name": "ecs_agent",
      "each": "list",
      "provider": "provider.aws",
      "instances": []
    },
    {
      "module": "module.vpc",
      "mode": "managed",
      "type": "aws_vpc_endpoint",
      "name": "ecs_telemetry",
      "each": "list",
      "provider": "provider.aws",
      "instances": []
    },
    {
      "module": "module.vpc",
      "mode": "managed",
      "type": "aws_vpc_endpoint",
      "name": "efs",
      "each": "list",
      "provider": "provider.aws",
      "instances": []
    },
    {
      "module": "module.vpc",
      "mode": "managed",
      "type": "aws_vpc_endpoint",
      "name": "elastic_inference_runtime",
      "each": "list",
      "provider": "provider.aws",
      "instances": []
    },
    {
      "module": "module.vpc",
      "mode": "managed",
      "type": "aws_vpc_endpoint",
      "name": "elasticbeanstalk",
      "each": "list",
      "provider": "provider.aws",
      "instances": []
    },
    {
      "module": "module.vpc",
      "mode": "managed",
      "type": "aws_vpc_endpoint",
      "name": "elasticbeanstalk_health",
      "each": "list",
      "provider": "provider.aws",
      "instances": []
    },
    {
      "module": "module.vpc",
      "mode": "managed",
      "type": "aws_vpc_endpoint",
      "name": "elasticloadbalancing",
      "each": "list",
      "provider": "provider.aws",
      "instances": []
    },
    {
      "module": "module.vpc",
      "mode": "managed",
      "type": "aws_vpc_endpoint",
      "name": "emr",
      "each": "list",
      "provider": "provider.aws",
      "instances": []
    },
    {
      "module": "module.vpc",
      "mode": "managed",
      "type": "aws_vpc_endpoint",
      "name": "events",
      "each": "list",
      "provider": "provider.aws",
      "instances": []
    },
    {
      "module": "module.vpc",
      "mode": "managed",
      "type": "aws_vpc_endpoint",
      "name": "git_codecommit",
      "each": "list",
      "provider": "provider.aws",
      "instances": []
    },
    {
      "module": "module.vpc",
      "mode": "managed",
      "type": "aws_vpc_endpoint",
      "name": "glue",
      "each": "list",
      "provider": "provider.aws",
      "instances": []
    },
    {
      "module": "module.vpc",
      "mode": "managed",
      "type": "aws_vpc_endpoint",
      "name": "kinesis_firehose",
      "each": "list",
      "provider": "provider.aws",
      "instances": []
    },
    {
      "module": "module.vpc",
      "mode": "managed",
      "type": "aws_vpc_endpoint",
      "name": "kinesis_streams",
      "each": "list",
      "provider": "provider.aws",
      "instances": []
    },
    {
      "module": "module.vpc",
      "mode": "managed",
      "type": "aws_vpc_endpoint",
      "name": "kms",
      "each": "list",
      "provider": "provider.aws",
      "instances": []
    },
    {
      "module": "module.vpc",
      "mode": "managed",
      "type": "aws_vpc_endpoint",
      "name": "logs",
      "each": "list",
      "provider": "provider.aws",
      "instances": []
    },
    {
      "module": "module.vpc",
      "mode": "managed",
      "type": "aws_vpc_endpoint",
      "name": "monitoring",
      "each": "list",
      "provider": "provider.aws",
      "instances": []
    },
    {
      "module": "module.vpc",
      "mode": "managed",
      "type": "aws_vpc_endpoint",
      "name": "qldb_session",
      "each": "list",
      "provider": "provider.aws",
      "instances": []
    },
    {
      "module": "module.vpc",
      "mode": "managed",
      "type": "aws_vpc_endpoint",
      "name": "rekognition",
      "each": "list",
      "provider": "provider.aws",
      "instances": []
    },
    {
      "module": "module.vpc",
      "mode": "managed",
      "type": "aws_vpc_endpoint",
      "name": "s3",
      "each": "list",
      "provider": "provider.aws",
      "instances": []
    },
    {
      "module": "module.vpc",
      "mode": "managed",
      "type": "aws_vpc_endpoint",
      "name": "sagemaker_api",
      "each": "list",
      "provider": "provider.aws",
      "instances": []
    },
    {
      "module": "module.vpc",
      "mode": "managed",
      "type": "aws_vpc_endpoint",
      "name": "sagemaker_notebook",
      "each": "list",
      "provider": "provider.aws",
      "instances": []
    },
    {
      "module": "module.vpc",
      "mode": "managed",
      "type": "aws_vpc_endpoint",
      "name": "sagemaker_runtime",
      "each": "list",
      "provider": "provider.aws",
      "instances": []
    },
    {
      "module": "module.vpc",
      "mode": "managed",
      "type": "aws_vpc_endpoint",
      "name": "secretsmanager",
      "each": "list",
      "provider": "provider.aws",
      "instances": []
    },
    {
      "module": "module.vpc",
      "mode": "managed",
      "type": "aws_vpc_endpoint",
      "name": "servicecatalog",
      "each": "list",
      "provider": "provider.aws",
      "instances": []
    },
    {
      "module": "module.vpc",
      "mode": "managed",
      "type": "aws_vpc_endpoint",
      "name": "ses",
      "each": "list",
      "provider": "provider.aws",
      "instances": []
    },
    {
      "module": "module.vpc",
      "mode": "managed",
      "type": "aws_vpc_endpoint",
      "name": "sms",
      "each": "list",
      "provider": "provider.aws",
      "instances": []
    },
    {
      "module": "module.vpc",
      "mode": "managed",
      "type": "aws_vpc_endpoint",
      "name": "sns",
      "each": "list",
      "provider": "provider.aws",
      "instances": []
    },
    {
      "module": "module.vpc",
      "mode": "managed",
      "type": "aws_vpc_endpoint",
      "name": "sqs",
      "each": "list",
      "provider": "provider.aws",
      "instances": []
    },
    {
      "module": "module.vpc",
      "mode": "managed",
      "type": "aws_vpc_endpoint",
      "name": "ssm",
      "each": "list",
      "provider": "provider.aws",
      "instances": []
    },
    {
      "module": "module.vpc",
      "mode": "managed",
      "type": "aws_vpc_endpoint",
      "name": "ssmmessages",
      "each": "list",
      "provider": "provider.aws",
      "instances": []
    },
    {
      "module": "module.vpc",
      "mode": "managed",
      "type": "aws_vpc_endpoint",
      "name": "states",
      "each": "list",
      "provider": "provider.aws",
      "instances": []
    },
    {
      "module": "module.vpc",
      "mode": "managed",
      "type": "aws_vpc_endpoint",
      "name": "storagegateway",
      "each": "list",
      "provider": "provider.aws",
      "instances": []
    },
    {
      "module": "module.vpc",
      "mode": "managed",
      "type": "aws_vpc_endpoint",
      "name": "sts",
      "each": "list",
      "provider": "provider.aws",
      "instances": []
    },
    {
      "module": "module.vpc",
      "mode": "managed",
      "type": "aws_vpc_endpoint",
      "name": "transfer",
      "each": "list",
      "provider": "provider.aws",
      "instances": []
    },
    {
      "module": "module.vpc",
      "mode": "managed",
      "type": "aws_vpc_endpoint",
      "name": "transferserver",
      "each": "list",
      "provider": "provider.aws",
      "instances": []
    },
    {
      "module": "module.vpc",
      "mode": "managed",
      "type": "aws_vpc_endpoint",
      "name": "workspaces",
      "each": "list",
      "provider": "provider.aws",
      "instances": []
    },
    {
      "module": "module.vpc",
      "mode": "managed",
      "type": "aws_vpc_endpoint_route_table_association",
      "name": "intra_dynamodb",
      "each": "list",
      "provider": "provider.aws",
      "instances": []
    },
    {
      "module": "module.vpc",
      "mode": "managed",
      "type": "aws_vpc_endpoint_route_table_association",
      "name": "intra_s3",
      "each": "list",
      "provider": "provider.aws",
      "instances": []
    },
    {
      "module": "module.vpc",
      "mode": "managed",
      "type": "aws_vpc_endpoint_route_table_association",
      "name": "private_dynamodb",
      "each": "list",
      "provider": "provider.aws",
      "instances": []
    },
    {
      "module": "module.vpc",
      "mode": "managed",
      "type": "aws_vpc_endpoint_route_table_association",
      "name": "private_s3",
      "each": "list",
      "provider": "provider.aws",
      "instances": []
    },
    {
      "module": "module.vpc",
      "mode": "managed",
      "type": "aws_vpc_endpoint_route_table_association",
      "name": "public_dynamodb",
      "each": "list",
      "provider": "provider.aws",
      "instances": []
    },
    {
      "module": "module.vpc",
      "mode": "managed",
      "type": "aws_vpc_endpoint_route_table_association",
      "name": "public_s3",
      "each": "list",
      "provider": "provider.aws",
      "instances": []
    },
    {
      "module": "module.vpc",
      "mode": "managed",
      "type": "aws_vpc_ipv4_cidr_block_association",
      "name": "this",
      "each": "list",
      "provider": "provider.aws",
      "instances": []
    },
    {
      "module": "module.vpc",
      "mode": "managed",
      "type": "aws_vpn_gateway",
      "name": "this",
      "each": "list",
      "provider": "provider.aws",
      "instances": []
    },
    {
      "module": "module.vpc",
      "mode": "managed",
      "type": "aws_vpn_gateway_attachment",
      "name": "this",
      "each": "list",
      "provider": "provider.aws",
      "instances": []
    },
    {
      "module": "module.vpc",
      "mode": "managed",
      "type": "aws_vpn_gateway_route_propagation",
      "name": "intra",
      "each": "list",
      "provider": "provider.aws",
      "instances": []
    },
    {
      "module": "module.vpc",
      "mode": "managed",
      "type": "aws_vpn_gateway_route_propagation",
      "name": "private",
      "each": "list",
      "provider": "provider.aws",
      "instances": []
    },
    {
      "module": "module.vpc",
      "mode": "managed",
      "type": "aws_vpn_gateway_route_propagation",
      "name": "public",
      "each": "list",
      "provider": "provider.aws",
      "instances": []
    },
    {
      "mode": "managed",
      "type": "local_file",
      "name": "ssh_key",
      "provider": "provider.local",
      "instances": [
        {
          "schema_version": 0,
          "attributes": {
            "content": null,
            "content_base64": null,
            "directory_permission": "0777",
            "file_permission": "0777",
            "filename": "./id_rsa",
            "id": "8a07044c3b398d6101d4f3024e4096835a078f70",
            "sensitive_content": "-----BEGIN RSA PRIVATE KEY-----\nMIIEpAIBAAKCAQEAzWULR82NXUg/61my/lkLXI7//PnPcRVhr+bhlQQdNJ7p4TG7\nJLTrLc6c0HC0YleCSVoX1UDgEewAJGkDzQ2rUq1El1+ov39kLCewHkSQWO3IXwFz\ne4C+ELtO4zWNtOXG1+tOpahnEnDs2t3sQfTn1QE9R95tcEzlaNBWP9bjwLnFKcij\n/2cm6Wp07L/V6bHNJik7E7058uZGcZ3FQj8SLh7eWnjOlQGusNfCYgbeYVz69Co3\nMtd3dWEAXuI7T8K6cu7K3LJvEVJ9xAxEy4G440x5XCXm0r1DwDWOf5Chxm/sHQhX\nlZ7/bHWWLST9VLi+1NhASxqfYXuHTLSquZuhhwIDAQABAoIBAEkHcllXZroSJFgE\nDraM5pNEbRR/phhpJ9CpYO/hBJlfH31od0f3497npa4fRKPqxXJbTDoQ1RrKNMq9\nZBKWl6HP5aGE67UbEHz6p447hq937FSLaYoyHmJIlyYGNpppUKgZDF+uXueZqz2u\nxoA1GfEMfcN9/J9/V9pKqUANofE1+SofnenQYs7QMvpgW4HxizQMos2L9nSU8oSB\nywl55Pjs0bPQdoWkL9NVRU3nKdEE7bSV9AJfUUOSCQIMmnj4hI3pRGGS1S07nCak\nhEAAsV1WSqAvoqaht2Ry3lHPQ3wl8yw56/xdkFp08tP9qnbPsRXfLAWn3X+RO1bQ\nWfEZg0ECgYEA5Rzr1Ryvs4GNi4rxLJa7EHOjERxFMpTdyoXfnXeyLRr2DeFATWVk\ni4McQNFVI/hlnNAbfFQuDFI9SNlZR2pS6RurBPKOmSFdq/J62hegGT1y1OK+lMyK\n1vkwumB0aOYNk6/1tJkW9rLxmkpdJJvt+dtfKyLwilKyNS+DCKBI1tcCgYEA5X+S\nV+lZVhp3GBEnbljRoplB882D5NIepGDDoa4QX10vxc9ZvsBcJiZykqWVt2t2g4sL\ntpTi0HbLxvH+rMbAoyZ3USqMs5gDqGA/zTiVhK/7szZikK+7T/3nKE/qWkfslLz/\nCPT/84sHmzJ4D1cDalJCriQwSapz3DtX5pfCJNECgYEAmPbtMRR87gDh6rdx+44L\nCJnb1jGktXeUeIFW4YAnslucyXmI/+Ng9JAtjcz05hYSaVa78w8Uy18g0YFjTP3c\nqwuw65WxxOT08Dbs9KzvU8ql3yIfkaLaU1p9wQFi1yI5EFBbYB8RqNWh3pwlgaql\ngLqI2Hj0VbWOi1nURy8UUnMCgYEA5Dd3PMrE1vXcZmdwka/rT8kdp6dAOISmignb\noOTqTRrqzceDVEgPmrRzDNdyyYIoyWi1DiyCXJE11TGCcyf2Goe+8UzhvBo30PFd\noONa9CbYon87huvp1gMEIrdNsdeCMOq8ppiUCgjAWJnYgFCkCc+hlXBRQIArVN8C\na0GQg3ECgYAqsdmmXDEJ1UYXALhuS6Df8XwTMmBDnuhqt8y+JHj9AnQ7+eHTncqt\nhYfKBVSAlkz+kknLQotr4oNAZZqIvgbjWdmAZ6fvG+hnhmgQVXiwW9OwLeHkiYUL\nlYGLgfCEPX0rmEOri7ohwTTWFZNlzCmBFyoatPfsl+RmWjqDLU82Vw==\n-----END RSA PRIVATE KEY-----\n"
          },
          "private": "bnVsbA==",
          "dependencies": [
            "tls_private_key.ssh_key"
          ]
        }
      ]
    },
    {
      "mode": "managed",
      "type": "tls_private_key",
      "name": "ssh_key",
      "provider": "provider.tls",
      "instances": [
        {
          "schema_version": 0,
          "attributes": {
            "algorithm": "RSA",
            "ecdsa_curve": "P224",
            "id": "20262b2ac0198a424e7a55903084054b10804fe2",
            "private_key_pem": "-----BEGIN RSA PRIVATE KEY-----\nMIIEpAIBAAKCAQEAzWULR82NXUg/61my/lkLXI7//PnPcRVhr+bhlQQdNJ7p4TG7\nJLTrLc6c0HC0YleCSVoX1UDgEewAJGkDzQ2rUq1El1+ov39kLCewHkSQWO3IXwFz\ne4C+ELtO4zWNtOXG1+tOpahnEnDs2t3sQfTn1QE9R95tcEzlaNBWP9bjwLnFKcij\n/2cm6Wp07L/V6bHNJik7E7058uZGcZ3FQj8SLh7eWnjOlQGusNfCYgbeYVz69Co3\nMtd3dWEAXuI7T8K6cu7K3LJvEVJ9xAxEy4G440x5XCXm0r1DwDWOf5Chxm/sHQhX\nlZ7/bHWWLST9VLi+1NhASxqfYXuHTLSquZuhhwIDAQABAoIBAEkHcllXZroSJFgE\nDraM5pNEbRR/phhpJ9CpYO/hBJlfH31od0f3497npa4fRKPqxXJbTDoQ1RrKNMq9\nZBKWl6HP5aGE67UbEHz6p447hq937FSLaYoyHmJIlyYGNpppUKgZDF+uXueZqz2u\nxoA1GfEMfcN9/J9/V9pKqUANofE1+SofnenQYs7QMvpgW4HxizQMos2L9nSU8oSB\nywl55Pjs0bPQdoWkL9NVRU3nKdEE7bSV9AJfUUOSCQIMmnj4hI3pRGGS1S07nCak\nhEAAsV1WSqAvoqaht2Ry3lHPQ3wl8yw56/xdkFp08tP9qnbPsRXfLAWn3X+RO1bQ\nWfEZg0ECgYEA5Rzr1Ryvs4GNi4rxLJa7EHOjERxFMpTdyoXfnXeyLRr2DeFATWVk\ni4McQNFVI/hlnNAbfFQuDFI9SNlZR2pS6RurBPKOmSFdq/J62hegGT1y1OK+lMyK\n1vkwumB0aOYNk6/1tJkW9rLxmkpdJJvt+dtfKyLwilKyNS+DCKBI1tcCgYEA5X+S\nV+lZVhp3GBEnbljRoplB882D5NIepGDDoa4QX10vxc9ZvsBcJiZykqWVt2t2g4sL\ntpTi0HbLxvH+rMbAoyZ3USqMs5gDqGA/zTiVhK/7szZikK+7T/3nKE/qWkfslLz/\nCPT/84sHmzJ4D1cDalJCriQwSapz3DtX5pfCJNECgYEAmPbtMRR87gDh6rdx+44L\nCJnb1jGktXeUeIFW4YAnslucyXmI/+Ng9JAtjcz05hYSaVa78w8Uy18g0YFjTP3c\nqwuw65WxxOT08Dbs9KzvU8ql3yIfkaLaU1p9wQFi1yI5EFBbYB8RqNWh3pwlgaql\ngLqI2Hj0VbWOi1nURy8UUnMCgYEA5Dd3PMrE1vXcZmdwka/rT8kdp6dAOISmignb\noOTqTRrqzceDVEgPmrRzDNdyyYIoyWi1DiyCXJE11TGCcyf2Goe+8UzhvBo30PFd\noONa9CbYon87huvp1gMEIrdNsdeCMOq8ppiUCgjAWJnYgFCkCc+hlXBRQIArVN8C\na0GQg3ECgYAqsdmmXDEJ1UYXALhuS6Df8XwTMmBDnuhqt8y+JHj9AnQ7+eHTncqt\nhYfKBVSAlkz+kknLQotr4oNAZZqIvgbjWdmAZ6fvG+hnhmgQVXiwW9OwLeHkiYUL\nlYGLgfCEPX0rmEOri7ohwTTWFZNlzCmBFyoatPfsl+RmWjqDLU82Vw==\n-----END RSA PRIVATE KEY-----\n",
            "public_key_fingerprint_md5": "42:fd:e2:f4:4e:49:a4:34:67:f2:62:fa:88:ac:b5:b5",
            "public_key_openssh": "ssh-rsa AAAAB3NzaC1yc2EAAAADAQABAAABAQDNZQtHzY1dSD/rWbL+WQtcjv/8+c9xFWGv5uGVBB00nunhMbsktOstzpzQcLRiV4JJWhfVQOAR7AAkaQPNDatSrUSXX6i/f2QsJ7AeRJBY7chfAXN7gL4Qu07jNY205cbX606lqGcScOza3exB9OfVAT1H3m1wTOVo0FY/1uPAucUpyKP/ZybpanTsv9Xpsc0mKTsTvTny5kZxncVCPxIuHt5aeM6VAa6w18JiBt5hXPr0Kjcy13d1YQBe4jtPwrpy7srcsm8RUn3EDETLgbjjTHlcJebSvUPANY5/kKHGb+wdCFeVnv9sdZYtJP1UuL7U2EBLGp9he4dMtKq5m6GH\n",
            "public_key_pem": "-----BEGIN PUBLIC KEY-----\nMIIBIjANBgkqhkiG9w0BAQEFAAOCAQ8AMIIBCgKCAQEAzWULR82NXUg/61my/lkL\nXI7//PnPcRVhr+bhlQQdNJ7p4TG7JLTrLc6c0HC0YleCSVoX1UDgEewAJGkDzQ2r\nUq1El1+ov39kLCewHkSQWO3IXwFze4C+ELtO4zWNtOXG1+tOpahnEnDs2t3sQfTn\n1QE9R95tcEzlaNBWP9bjwLnFKcij/2cm6Wp07L/V6bHNJik7E7058uZGcZ3FQj8S\nLh7eWnjOlQGusNfCYgbeYVz69Co3Mtd3dWEAXuI7T8K6cu7K3LJvEVJ9xAxEy4G4\n40x5XCXm0r1DwDWOf5Chxm/sHQhXlZ7/bHWWLST9VLi+1NhASxqfYXuHTLSquZuh\nhwIDAQAB\n-----END PUBLIC KEY-----\n",
            "rsa_bits": 2048
          },
          "private": "bnVsbA=="
        }
      ]
    }
  ]
}
